// !$*UTF8*$!
{
	archiveVersion = 1;
	classes = {
	};
	objectVersion = 46;
	objects = {

/* Begin PBXBuildFile section */
		DA033CEA1E3A935700F7645C /* VHome.swift in Sources */ = {isa = PBXBuildFile; fileRef = DA033CE91E3A935700F7645C /* VHome.swift */; };
		DA033CEC1E3A99EE00F7645C /* VParentBar.swift in Sources */ = {isa = PBXBuildFile; fileRef = DA033CEB1E3A99EE00F7645C /* VParentBar.swift */; };
		DA033CEE1E3AA2DC00F7645C /* generic.xcassets in Resources */ = {isa = PBXBuildFile; fileRef = DA033CED1E3AA2DC00F7645C /* generic.xcassets */; };
		DA033CF01E3AA30700F7645C /* VParentBarButton.swift in Sources */ = {isa = PBXBuildFile; fileRef = DA033CEF1E3AA30700F7645C /* VParentBarButton.swift */; };
		DA033CF21E3AB68400F7645C /* VHomeCell.swift in Sources */ = {isa = PBXBuildFile; fileRef = DA033CF11E3AB68400F7645C /* VHomeCell.swift */; };
		DA12D4731E414A71008327B5 /* VLinearEquationsProjectCellIndex.swift in Sources */ = {isa = PBXBuildFile; fileRef = DA12D4721E414A71008327B5 /* VLinearEquationsProjectCellIndex.swift */; };
		DA12D4751E414BC7008327B5 /* MLinearEquationsProjectRowItemIndex.swift in Sources */ = {isa = PBXBuildFile; fileRef = DA12D4741E414BC7008327B5 /* MLinearEquationsProjectRowItemIndex.swift */; };
		DA12D4771E4156EC008327B5 /* MLinearEquationsProjectRowItemPolynomial.swift in Sources */ = {isa = PBXBuildFile; fileRef = DA12D4761E4156EC008327B5 /* MLinearEquationsProjectRowItemPolynomial.swift */; };
		DA12D4791E415990008327B5 /* MLinearEquationsProjectRowItemPolynomialDecimal.swift in Sources */ = {isa = PBXBuildFile; fileRef = DA12D4781E415990008327B5 /* MLinearEquationsProjectRowItemPolynomialDecimal.swift */; };
		DA12D47B1E41599A008327B5 /* MLinearEquationsProjectRowItemPolynomialDivision.swift in Sources */ = {isa = PBXBuildFile; fileRef = DA12D47A1E41599A008327B5 /* MLinearEquationsProjectRowItemPolynomialDivision.swift */; };
		DA133A381E410F710028D90F /* MLinearEquationsProjectBar.swift in Sources */ = {isa = PBXBuildFile; fileRef = DA133A281E410F710028D90F /* MLinearEquationsProjectBar.swift */; };
		DA133A391E410F710028D90F /* MLinearEquationsProjectBarItem.swift in Sources */ = {isa = PBXBuildFile; fileRef = DA133A291E410F710028D90F /* MLinearEquationsProjectBarItem.swift */; };
		DA133A401E410F710028D90F /* MLinearEquationsProjectRowItem.swift in Sources */ = {isa = PBXBuildFile; fileRef = DA133A311E410F710028D90F /* MLinearEquationsProjectRowItem.swift */; };
		DA133A411E410F710028D90F /* MLinearEquationsProjectRowItemEquals.swift in Sources */ = {isa = PBXBuildFile; fileRef = DA133A321E410F710028D90F /* MLinearEquationsProjectRowItemEquals.swift */; };
		DA133A441E410F710028D90F /* MLinearEquationsProject.swift in Sources */ = {isa = PBXBuildFile; fileRef = DA133A361E410F710028D90F /* MLinearEquationsProject.swift */; };
		DA133A451E410F710028D90F /* MLinearEquationsProjectRow.swift in Sources */ = {isa = PBXBuildFile; fileRef = DA133A371E410F710028D90F /* MLinearEquationsProjectRow.swift */; };
		DA133A5F1E4119E00028D90F /* VLinearEquationsProjectBar.swift in Sources */ = {isa = PBXBuildFile; fileRef = DA133A571E4119E00028D90F /* VLinearEquationsProjectBar.swift */; };
		DA133A601E4119E00028D90F /* VLinearEquationsProjectBarCell.swift in Sources */ = {isa = PBXBuildFile; fileRef = DA133A581E4119E00028D90F /* VLinearEquationsProjectBarCell.swift */; };
		DA133A631E4119E00028D90F /* VLinearEquationsProjectCell.swift in Sources */ = {isa = PBXBuildFile; fileRef = DA133A5C1E4119E00028D90F /* VLinearEquationsProjectCell.swift */; };
		DA133A641E4119E00028D90F /* VLinearEquationsProject.swift in Sources */ = {isa = PBXBuildFile; fileRef = DA133A5E1E4119E00028D90F /* VLinearEquationsProject.swift */; };
		DA133A6C1E411B070028D90F /* VLinearEquationsProjectCellEquals.swift in Sources */ = {isa = PBXBuildFile; fileRef = DA133A6B1E411B070028D90F /* VLinearEquationsProjectCellEquals.swift */; };
		DA316CE51E4571C2008E7270 /* VLinearEquationsPolynomialIndeterminate.swift in Sources */ = {isa = PBXBuildFile; fileRef = DA316CE41E4571C2008E7270 /* VLinearEquationsPolynomialIndeterminate.swift */; };
		DA316CE91E458373008E7270 /* CLinearEquationsPolynomialIndeterminate.swift in Sources */ = {isa = PBXBuildFile; fileRef = DA316CE81E458373008E7270 /* CLinearEquationsPolynomialIndeterminate.swift */; };
		DA316CED1E458B16008E7270 /* VLinearEquationsIndeterminateList.swift in Sources */ = {isa = PBXBuildFile; fileRef = DA316CEC1E458B16008E7270 /* VLinearEquationsIndeterminateList.swift */; };
		DA316CEF1E45900D008E7270 /* VLinearEquationsIndeterminateListHeader.swift in Sources */ = {isa = PBXBuildFile; fileRef = DA316CEE1E45900D008E7270 /* VLinearEquationsIndeterminateListHeader.swift */; };
		DA316CF11E459016008E7270 /* VLinearEquationsIndeterminateListCell.swift in Sources */ = {isa = PBXBuildFile; fileRef = DA316CF01E459016008E7270 /* VLinearEquationsIndeterminateListCell.swift */; };
		DA36DAAB1E444BCE00C17436 /* VLinearEquationsIndeterminateText.swift in Sources */ = {isa = PBXBuildFile; fileRef = DA36DAAA1E444BCE00C17436 /* VLinearEquationsIndeterminateText.swift */; };
		DA62D3461E4CCA0A000D0387 /* CLinearEquationsSolution.swift in Sources */ = {isa = PBXBuildFile; fileRef = DA62D3451E4CCA0A000D0387 /* CLinearEquationsSolution.swift */; };
		DA62D3531E4CD39C000D0387 /* MLinearEquationsSolution.swift in Sources */ = {isa = PBXBuildFile; fileRef = DA62D3511E4CD39C000D0387 /* MLinearEquationsSolution.swift */; };
		DA62D3551E4CD3F1000D0387 /* MLinearEquationsSolutionEquation.swift in Sources */ = {isa = PBXBuildFile; fileRef = DA62D3541E4CD3F1000D0387 /* MLinearEquationsSolutionEquation.swift */; };
		DA62D3571E4CD407000D0387 /* MLinearEquationsSolutionEquationItem.swift in Sources */ = {isa = PBXBuildFile; fileRef = DA62D3561E4CD407000D0387 /* MLinearEquationsSolutionEquationItem.swift */; };
		DA62D3591E4CD508000D0387 /* MLinearEquationsSolutionIndeterminate.swift in Sources */ = {isa = PBXBuildFile; fileRef = DA62D3581E4CD508000D0387 /* MLinearEquationsSolutionIndeterminate.swift */; };
		DA62D35B1E4CD51D000D0387 /* MLinearEquationsSolutionEquationItemConstant.swift in Sources */ = {isa = PBXBuildFile; fileRef = DA62D35A1E4CD51D000D0387 /* MLinearEquationsSolutionEquationItemConstant.swift */; };
		DA62D35D1E4CD53F000D0387 /* MLinearEquationsSolutionEquationItemPolynomial.swift in Sources */ = {isa = PBXBuildFile; fileRef = DA62D35C1E4CD53F000D0387 /* MLinearEquationsSolutionEquationItemPolynomial.swift */; };
		DA62D35F1E4CD583000D0387 /* MLinearEquationsSolutionEquationItemConstantDecimal.swift in Sources */ = {isa = PBXBuildFile; fileRef = DA62D35E1E4CD583000D0387 /* MLinearEquationsSolutionEquationItemConstantDecimal.swift */; };
		DA62D3611E4CD58D000D0387 /* MLinearEquationsSolutionEquationItemConstantDivision.swift in Sources */ = {isa = PBXBuildFile; fileRef = DA62D3601E4CD58D000D0387 /* MLinearEquationsSolutionEquationItemConstantDivision.swift */; };
		DA62D3631E4CD599000D0387 /* MLinearEquationsSolutionEquationItemPolynomialDecimal.swift in Sources */ = {isa = PBXBuildFile; fileRef = DA62D3621E4CD599000D0387 /* MLinearEquationsSolutionEquationItemPolynomialDecimal.swift */; };
		DA62D3651E4CD5A5000D0387 /* MLinearEquationsSolutionEquationItemPolynomialDivision.swift in Sources */ = {isa = PBXBuildFile; fileRef = DA62D3641E4CD5A5000D0387 /* MLinearEquationsSolutionEquationItemPolynomialDivision.swift */; };
		DA62D3671E4CD6C3000D0387 /* MLinearEquationsSolutionStep.swift in Sources */ = {isa = PBXBuildFile; fileRef = DA62D3661E4CD6C3000D0387 /* MLinearEquationsSolutionStep.swift */; };
		DA62D36A1E4CD752000D0387 /* MLinearEquationsSolutionStepStart.swift in Sources */ = {isa = PBXBuildFile; fileRef = DA62D3691E4CD752000D0387 /* MLinearEquationsSolutionStepStart.swift */; };
		DA62D36C1E4CD75C000D0387 /* MLinearEquationsSolutionStepProcess.swift in Sources */ = {isa = PBXBuildFile; fileRef = DA62D36B1E4CD75C000D0387 /* MLinearEquationsSolutionStepProcess.swift */; };
		DA62D3701E4CD76F000D0387 /* MLinearEquationsSolutionStepError.swift in Sources */ = {isa = PBXBuildFile; fileRef = DA62D36F1E4CD76F000D0387 /* MLinearEquationsSolutionStepError.swift */; };
		DA62D3721E4CD77D000D0387 /* MLinearEquationsSolutionStepDone.swift in Sources */ = {isa = PBXBuildFile; fileRef = DA62D3711E4CD77D000D0387 /* MLinearEquationsSolutionStepDone.swift */; };
		DA62D3741E4CDB9B000D0387 /* MLinearEquationsSolutionStrategy.swift in Sources */ = {isa = PBXBuildFile; fileRef = DA62D3731E4CDB9B000D0387 /* MLinearEquationsSolutionStrategy.swift */; };
		DA62D3761E4CDC85000D0387 /* MLinearEquationsSolutionStrategyDelegate.swift in Sources */ = {isa = PBXBuildFile; fileRef = DA62D3751E4CDC85000D0387 /* MLinearEquationsSolutionStrategyDelegate.swift */; };
		DA62D3781E4CE60E000D0387 /* MLinearEquationsSolutionStrategyParse.swift in Sources */ = {isa = PBXBuildFile; fileRef = DA62D3771E4CE60E000D0387 /* MLinearEquationsSolutionStrategyParse.swift */; };
		DA62D37E1E4CEC08000D0387 /* VLinearEquationsSolution.swift in Sources */ = {isa = PBXBuildFile; fileRef = DA62D37A1E4CEC08000D0387 /* VLinearEquationsSolution.swift */; };
		DA62D37F1E4CEC08000D0387 /* VLinearEquationsSolutionBar.swift in Sources */ = {isa = PBXBuildFile; fileRef = DA62D37B1E4CEC08000D0387 /* VLinearEquationsSolutionBar.swift */; };
		DA62D3811E4CECAB000D0387 /* VLinearEquationsSolutionCell.swift in Sources */ = {isa = PBXBuildFile; fileRef = DA62D3801E4CECAB000D0387 /* VLinearEquationsSolutionCell.swift */; };
		DA62D3831E4CECC1000D0387 /* VLinearEquationsSolutionHeader.swift in Sources */ = {isa = PBXBuildFile; fileRef = DA62D3821E4CECC1000D0387 /* VLinearEquationsSolutionHeader.swift */; };
		DA62D3871E4CED2B000D0387 /* VLinearEquationsSolutionHeaderProcess.swift in Sources */ = {isa = PBXBuildFile; fileRef = DA62D3861E4CED2B000D0387 /* VLinearEquationsSolutionHeaderProcess.swift */; };
		DA62D3891E4CED34000D0387 /* VLinearEquationsSolutionHeaderDone.swift in Sources */ = {isa = PBXBuildFile; fileRef = DA62D3881E4CED34000D0387 /* VLinearEquationsSolutionHeaderDone.swift */; };
		DA62D38B1E4CED40000D0387 /* VLinearEquationsSolutionHeaderError.swift in Sources */ = {isa = PBXBuildFile; fileRef = DA62D38A1E4CED40000D0387 /* VLinearEquationsSolutionHeaderError.swift */; };
		DA62D38D1E4CEDF9000D0387 /* VLinearEquationsSolutionHeaderStart.swift in Sources */ = {isa = PBXBuildFile; fileRef = DA62D38C1E4CEDF9000D0387 /* VLinearEquationsSolutionHeaderStart.swift */; };
		DA62D38F1E4CF839000D0387 /* VLinearEquationsSolutionCellPolynomialDecimal.swift in Sources */ = {isa = PBXBuildFile; fileRef = DA62D38E1E4CF839000D0387 /* VLinearEquationsSolutionCellPolynomialDecimal.swift */; };
		DA62D3911E4CF85B000D0387 /* VLinearEquationsSolutionCellPolynomialDivision.swift in Sources */ = {isa = PBXBuildFile; fileRef = DA62D3901E4CF85B000D0387 /* VLinearEquationsSolutionCellPolynomialDivision.swift */; };
		DA62D3931E4CF865000D0387 /* VLinearEquationsSolutionCellConstantDecimal.swift in Sources */ = {isa = PBXBuildFile; fileRef = DA62D3921E4CF865000D0387 /* VLinearEquationsSolutionCellConstantDecimal.swift */; };
		DA62D3951E4CF870000D0387 /* VLinearEquationsSolutionCellConstantDivision.swift in Sources */ = {isa = PBXBuildFile; fileRef = DA62D3941E4CF870000D0387 /* VLinearEquationsSolutionCellConstantDivision.swift */; };
		DA62D3971E4CFDEF000D0387 /* VLinearEquationsSolutionFlow.swift in Sources */ = {isa = PBXBuildFile; fileRef = DA62D3961E4CFDEF000D0387 /* VLinearEquationsSolutionFlow.swift */; };
		DA62D3991E4D00A5000D0387 /* MLinearEquationsSolutionEquationItemEquals.swift in Sources */ = {isa = PBXBuildFile; fileRef = DA62D3981E4D00A5000D0387 /* MLinearEquationsSolutionEquationItemEquals.swift */; };
		DA62D39B1E4D02B3000D0387 /* VLinearEquationsSolutionCellEquals.swift in Sources */ = {isa = PBXBuildFile; fileRef = DA62D39A1E4D02B3000D0387 /* VLinearEquationsSolutionCellEquals.swift */; };
		DA62D39D1E4D1B93000D0387 /* VLinearEquationsSolutionFooter.swift in Sources */ = {isa = PBXBuildFile; fileRef = DA62D39C1E4D1B93000D0387 /* VLinearEquationsSolutionFooter.swift */; };
		DA62D39F1E4D24CB000D0387 /* MLinearEquationsSolutionIndeterminatesItem.swift in Sources */ = {isa = PBXBuildFile; fileRef = DA62D39E1E4D24CB000D0387 /* MLinearEquationsSolutionIndeterminatesItem.swift */; };
		DA62D3A11E4D24D3000D0387 /* MLinearEquationsSolutionIndeterminates.swift in Sources */ = {isa = PBXBuildFile; fileRef = DA62D3A01E4D24D3000D0387 /* MLinearEquationsSolutionIndeterminates.swift */; };
		DA89F19D1E4A47080062DE48 /* VLinearEquationsPolynomialShowAs.swift in Sources */ = {isa = PBXBuildFile; fileRef = DA89F19C1E4A47080062DE48 /* VLinearEquationsPolynomialShowAs.swift */; };
		DA89F19F1E4A4BCE0062DE48 /* VLinearEquationsPolynomialSign.swift in Sources */ = {isa = PBXBuildFile; fileRef = DA89F19E1E4A4BCE0062DE48 /* VLinearEquationsPolynomialSign.swift */; };
		DA89F1A11E4A549B0062DE48 /* VLinearEquationsPolynomialDivision.swift in Sources */ = {isa = PBXBuildFile; fileRef = DA89F1A01E4A549B0062DE48 /* VLinearEquationsPolynomialDivision.swift */; };
		DA89F1A31E4A957F0062DE48 /* DPolynomialExtension.swift in Sources */ = {isa = PBXBuildFile; fileRef = DA89F1A21E4A957F0062DE48 /* DPolynomialExtension.swift */; };
		DA89F1A51E4A9FC00062DE48 /* DProjectExtension.swift in Sources */ = {isa = PBXBuildFile; fileRef = DA89F1A41E4A9FC00062DE48 /* DProjectExtension.swift */; };
		DAA4BD701E3A4BDE00B0360D /* MHome.swift in Sources */ = {isa = PBXBuildFile; fileRef = DAA4BD6F1E3A4BDE00B0360D /* MHome.swift */; };
		DAA4BD721E3A4C4100B0360D /* MHomeItem.swift in Sources */ = {isa = PBXBuildFile; fileRef = DAA4BD711E3A4C4100B0360D /* MHomeItem.swift */; };
		DAA4BD741E3A5DBD00B0360D /* MHomeItemLinearEquations.swift in Sources */ = {isa = PBXBuildFile; fileRef = DAA4BD731E3A5DBD00B0360D /* MHomeItemLinearEquations.swift */; };
		DAA4BD761E3A700C00B0360D /* MHomeItemArithmetic.swift in Sources */ = {isa = PBXBuildFile; fileRef = DAA4BD751E3A700C00B0360D /* MHomeItemArithmetic.swift */; };
		DAA4BD781E3A703900B0360D /* brand.xcassets in Resources */ = {isa = PBXBuildFile; fileRef = DAA4BD771E3A703900B0360D /* brand.xcassets */; };
		DAB84C311E4168100052F778 /* VLinearEquationsProjectCellPolynomialDecimal.swift in Sources */ = {isa = PBXBuildFile; fileRef = DAB84C301E4168100052F778 /* VLinearEquationsProjectCellPolynomialDecimal.swift */; };
		DAB84C331E41681A0052F778 /* VLinearEquationsProjectCellPolynomialDivision.swift in Sources */ = {isa = PBXBuildFile; fileRef = DAB84C321E41681A0052F778 /* VLinearEquationsProjectCellPolynomialDivision.swift */; };
		DAB84C351E416AB10052F778 /* MLinearEquationsProjectRowItemNewPolynomial.swift in Sources */ = {isa = PBXBuildFile; fileRef = DAB84C341E416AB10052F778 /* MLinearEquationsProjectRowItemNewPolynomial.swift */; };
		DAC2164D1E42304E009EDBF7 /* VLinearEquationsProjectCellNewPolynomial.swift in Sources */ = {isa = PBXBuildFile; fileRef = DAC2164C1E42304E009EDBF7 /* VLinearEquationsProjectCellNewPolynomial.swift */; };
		DAC216511E424DEC009EDBF7 /* VLinearEquationsProjectFlow.swift in Sources */ = {isa = PBXBuildFile; fileRef = DAC216501E424DEC009EDBF7 /* VLinearEquationsProjectFlow.swift */; };
		DAC216531E427D1C009EDBF7 /* VCollectionFlow.swift in Sources */ = {isa = PBXBuildFile; fileRef = DAC216521E427D1C009EDBF7 /* VCollectionFlow.swift */; };
		DAC216551E42989A009EDBF7 /* CLinearEquationsPolynomial.swift in Sources */ = {isa = PBXBuildFile; fileRef = DAC216541E42989A009EDBF7 /* CLinearEquationsPolynomial.swift */; };
		DAC216581E429D9C009EDBF7 /* VLinearEquationsPolynomial.swift in Sources */ = {isa = PBXBuildFile; fileRef = DAC216571E429D9C009EDBF7 /* VLinearEquationsPolynomial.swift */; };
		DAC2165A1E42A136009EDBF7 /* VLinearEquationsPolynomialControl.swift in Sources */ = {isa = PBXBuildFile; fileRef = DAC216591E42A136009EDBF7 /* VLinearEquationsPolynomialControl.swift */; };
		DAC2165C1E42A9BC009EDBF7 /* VLinearEquationsPolynomialText.swift in Sources */ = {isa = PBXBuildFile; fileRef = DAC2165B1E42A9BC009EDBF7 /* VLinearEquationsPolynomialText.swift */; };
		DAC2165E1E42DF43009EDBF7 /* MLinearEquationsProjectRowItemNewRow.swift in Sources */ = {isa = PBXBuildFile; fileRef = DAC2165D1E42DF43009EDBF7 /* MLinearEquationsProjectRowItemNewRow.swift */; };
		DAD46DB41E46A13500AED3B9 /* MLinearEquationsIndeterminates.swift in Sources */ = {isa = PBXBuildFile; fileRef = DAD46DB31E46A13500AED3B9 /* MLinearEquationsIndeterminates.swift */; };
		DAD46DB61E46A15C00AED3B9 /* MLinearEquationsIndeterminatesItem.swift in Sources */ = {isa = PBXBuildFile; fileRef = DAD46DB51E46A15C00AED3B9 /* MLinearEquationsIndeterminatesItem.swift */; };
		DAD518951E3F978D0004C8D8 /* DGaussSquad.xcdatamodeld in Sources */ = {isa = PBXBuildFile; fileRef = DAD518931E3F978D0004C8D8 /* DGaussSquad.xcdatamodeld */; };
		DAD518971E3FAF1D0004C8D8 /* CLinearEquationsProject.swift in Sources */ = {isa = PBXBuildFile; fileRef = DAD518961E3FAF1D0004C8D8 /* CLinearEquationsProject.swift */; };
		DAD518AD1E3FBCF90004C8D8 /* MLinearEquations.swift in Sources */ = {isa = PBXBuildFile; fileRef = DAD518A81E3FBCF90004C8D8 /* MLinearEquations.swift */; };
		DAD518CA1E4006420004C8D8 /* MLinearEquationsItem.swift in Sources */ = {isa = PBXBuildFile; fileRef = DAD518C91E4006420004C8D8 /* MLinearEquationsItem.swift */; };
		DADA15821E44D71100766103 /* VToast.swift in Sources */ = {isa = PBXBuildFile; fileRef = DADA15811E44D71100766103 /* VToast.swift */; };
		DADDF86B1E4AA31100447C55 /* DEquationExtension.swift in Sources */ = {isa = PBXBuildFile; fileRef = DADDF86A1E4AA31100447C55 /* DEquationExtension.swift */; };
		DAF37AD21E3D4FEF005052D8 /* CLinearEquations.swift in Sources */ = {isa = PBXBuildFile; fileRef = DAF37AD11E3D4FEF005052D8 /* CLinearEquations.swift */; };
		DAF37AD91E3D51D7005052D8 /* VLinearEquations.swift in Sources */ = {isa = PBXBuildFile; fileRef = DAF37AD81E3D51D7005052D8 /* VLinearEquations.swift */; };
		DAF37ADB1E3D6588005052D8 /* spinner.xcassets in Resources */ = {isa = PBXBuildFile; fileRef = DAF37ADA1E3D6588005052D8 /* spinner.xcassets */; };
		DAF37AE11E3D6BCE005052D8 /* VLinearEquationsCell.swift in Sources */ = {isa = PBXBuildFile; fileRef = DAF37AE01E3D6BCE005052D8 /* VLinearEquationsCell.swift */; };
		DAF37AE51E3D6EA1005052D8 /* VLinearEquationsBar.swift in Sources */ = {isa = PBXBuildFile; fileRef = DAF37AE41E3D6EA1005052D8 /* VLinearEquationsBar.swift */; };
		DAFDD4FA1E43873C00880556 /* VLinearEquationsProjectCellNewRow.swift in Sources */ = {isa = PBXBuildFile; fileRef = DAFDD4F91E43873C00880556 /* VLinearEquationsProjectCellNewRow.swift */; };
		DAFDD4FC1E439D8400880556 /* MLinearEquationsProjectBarItemBack.swift in Sources */ = {isa = PBXBuildFile; fileRef = DAFDD4FB1E439D8400880556 /* MLinearEquationsProjectBarItemBack.swift */; };
		DAFDD4FE1E43D2EA00880556 /* MLinearEquationsProjectBarItemHelp.swift in Sources */ = {isa = PBXBuildFile; fileRef = DAFDD4FD1E43D2EA00880556 /* MLinearEquationsProjectBarItemHelp.swift */; };
		DAFDD5001E43D3AA00880556 /* MLinearEquationsProjectBarItemTrash.swift in Sources */ = {isa = PBXBuildFile; fileRef = DAFDD4FF1E43D3AA00880556 /* MLinearEquationsProjectBarItemTrash.swift */; };
		DAFDD5021E43D3E800880556 /* MLinearEquationsProjectBarItemCompress.swift in Sources */ = {isa = PBXBuildFile; fileRef = DAFDD5011E43D3E800880556 /* MLinearEquationsProjectBarItemCompress.swift */; };
		DAFDD5041E43D40F00880556 /* MLinearEquationsProjectBarItemNext.swift in Sources */ = {isa = PBXBuildFile; fileRef = DAFDD5031E43D40F00880556 /* MLinearEquationsProjectBarItemNext.swift */; };
		DAFDD5061E43D95600880556 /* VLinearEquationsProjectBarIndeterminates.swift in Sources */ = {isa = PBXBuildFile; fileRef = DAFDD5051E43D95600880556 /* VLinearEquationsProjectBarIndeterminates.swift */; };
		DAFDD50A1E43DECC00880556 /* VLinearEquationsProjectBarIndeterminatesCell.swift in Sources */ = {isa = PBXBuildFile; fileRef = DAFDD5091E43DECC00880556 /* VLinearEquationsProjectBarIndeterminatesCell.swift */; };
		DAFDD50E1E443FBF00880556 /* CLinearEquationsIndeterminate.swift in Sources */ = {isa = PBXBuildFile; fileRef = DAFDD50D1E443FBF00880556 /* CLinearEquationsIndeterminate.swift */; };
		DAFDD5111E4442F400880556 /* VLinearEquationsIndeterminate.swift in Sources */ = {isa = PBXBuildFile; fileRef = DAFDD5101E4442F400880556 /* VLinearEquationsIndeterminate.swift */; };
		DAFDD5131E44441100880556 /* VLinearEquationsIndeterminateControl.swift in Sources */ = {isa = PBXBuildFile; fileRef = DAFDD5121E44441100880556 /* VLinearEquationsIndeterminateControl.swift */; };
		DAFF4A961E397B9600A2DD4B /* LaunchScreen.storyboard in Resources */ = {isa = PBXBuildFile; fileRef = DAFF4A4A1E397B9500A2DD4B /* LaunchScreen.storyboard */; };
		DAFF4A971E397B9600A2DD4B /* CAppDelegate.swift in Sources */ = {isa = PBXBuildFile; fileRef = DAFF4A4D1E397B9500A2DD4B /* CAppDelegate.swift */; };
		DAFF4A981E397B9600A2DD4B /* CController.swift in Sources */ = {isa = PBXBuildFile; fileRef = DAFF4A4E1E397B9500A2DD4B /* CController.swift */; };
		DAFF4A991E397B9600A2DD4B /* CParent.swift in Sources */ = {isa = PBXBuildFile; fileRef = DAFF4A4F1E397B9500A2DD4B /* CParent.swift */; };
		DAFF4A9A1E397B9600A2DD4B /* DManager.swift in Sources */ = {isa = PBXBuildFile; fileRef = DAFF4A511E397B9500A2DD4B /* DManager.swift */; };
		DAFF4A9B1E397B9600A2DD4B /* ExtensionFileManager.swift in Sources */ = {isa = PBXBuildFile; fileRef = DAFF4A531E397B9500A2DD4B /* ExtensionFileManager.swift */; };
		DAFF4AA01E397B9600A2DD4B /* ExtensionNotification.swift in Sources */ = {isa = PBXBuildFile; fileRef = DAFF4A581E397B9500A2DD4B /* ExtensionNotification.swift */; };
		DAFF4AA11E397B9600A2DD4B /* ExtensionNSLayoutConstraint.swift in Sources */ = {isa = PBXBuildFile; fileRef = DAFF4A591E397B9600A2DD4B /* ExtensionNSLayoutConstraint.swift */; };
		DAFF4AA21E397B9600A2DD4B /* ExtensionNSManagedObject.swift in Sources */ = {isa = PBXBuildFile; fileRef = DAFF4A5A1E397B9600A2DD4B /* ExtensionNSManagedObject.swift */; };
		DAFF4AA31E397B9600A2DD4B /* ExtensionUICollectionReusableView.swift in Sources */ = {isa = PBXBuildFile; fileRef = DAFF4A5B1E397B9600A2DD4B /* ExtensionUICollectionReusableView.swift */; };
		DAFF4AA41E397B9600A2DD4B /* ExtensionUIColor.swift in Sources */ = {isa = PBXBuildFile; fileRef = DAFF4A5C1E397B9600A2DD4B /* ExtensionUIColor.swift */; };
		DAFF4AA51E397B9600A2DD4B /* ExtensionUIFont.swift in Sources */ = {isa = PBXBuildFile; fileRef = DAFF4A5D1E397B9600A2DD4B /* ExtensionUIFont.swift */; };
		DAFF4AA61E397B9600A2DD4B /* ExtensionURL.swift in Sources */ = {isa = PBXBuildFile; fileRef = DAFF4A5E1E397B9600A2DD4B /* ExtensionURL.swift */; };
		DAFF4ABD1E397B9600A2DD4B /* MHelp.swift in Sources */ = {isa = PBXBuildFile; fileRef = DAFF4A811E397B9600A2DD4B /* MHelp.swift */; };
		DAFF4ABE1E397B9600A2DD4B /* MHelpItem.swift in Sources */ = {isa = PBXBuildFile; fileRef = DAFF4A821E397B9600A2DD4B /* MHelpItem.swift */; };
		DAFF4ABF1E397B9600A2DD4B /* MSession.swift in Sources */ = {isa = PBXBuildFile; fileRef = DAFF4A841E397B9600A2DD4B /* MSession.swift */; };
		DAFF4AC01E397B9600A2DD4B /* Localizable.strings in Resources */ = {isa = PBXBuildFile; fileRef = DAFF4A861E397B9600A2DD4B /* Localizable.strings */; };
		DAFF4AC11E397B9600A2DD4B /* VHelp.swift in Sources */ = {isa = PBXBuildFile; fileRef = DAFF4A8A1E397B9600A2DD4B /* VHelp.swift */; };
		DAFF4AC21E397B9600A2DD4B /* VHelpCell.swift in Sources */ = {isa = PBXBuildFile; fileRef = DAFF4A8B1E397B9600A2DD4B /* VHelpCell.swift */; };
		DAFF4AC31E397B9600A2DD4B /* VParent.swift in Sources */ = {isa = PBXBuildFile; fileRef = DAFF4A8E1E397B9600A2DD4B /* VParent.swift */; };
		DAFF4AC41E397B9600A2DD4B /* VAlert.swift in Sources */ = {isa = PBXBuildFile; fileRef = DAFF4A901E397B9600A2DD4B /* VAlert.swift */; };
		DAFF4AC51E397B9600A2DD4B /* VBlur.swift in Sources */ = {isa = PBXBuildFile; fileRef = DAFF4A911E397B9600A2DD4B /* VBlur.swift */; };
		DAFF4AC61E397B9600A2DD4B /* VBorder.swift in Sources */ = {isa = PBXBuildFile; fileRef = DAFF4A921E397B9600A2DD4B /* VBorder.swift */; };
		DAFF4AC71E397B9600A2DD4B /* VCollection.swift in Sources */ = {isa = PBXBuildFile; fileRef = DAFF4A931E397B9600A2DD4B /* VCollection.swift */; };
		DAFF4AC81E397B9600A2DD4B /* VSpinner.swift in Sources */ = {isa = PBXBuildFile; fileRef = DAFF4A941E397B9600A2DD4B /* VSpinner.swift */; };
		DAFF4AC91E397B9600A2DD4B /* VView.swift in Sources */ = {isa = PBXBuildFile; fileRef = DAFF4A951E397B9600A2DD4B /* VView.swift */; };
		DAFF4AD31E397D9A00A2DD4B /* CHelp.swift in Sources */ = {isa = PBXBuildFile; fileRef = DAFF4AD21E397D9A00A2DD4B /* CHelp.swift */; };
		DAFF4AD61E397E0100A2DD4B /* CHome.swift in Sources */ = {isa = PBXBuildFile; fileRef = DAFF4AD51E397E0100A2DD4B /* CHome.swift */; };
/* End PBXBuildFile section */

/* Begin PBXFileReference section */
		DA033CE91E3A935700F7645C /* VHome.swift */ = {isa = PBXFileReference; fileEncoding = 4; lastKnownFileType = sourcecode.swift; path = VHome.swift; sourceTree = "<group>"; };
		DA033CEB1E3A99EE00F7645C /* VParentBar.swift */ = {isa = PBXFileReference; fileEncoding = 4; lastKnownFileType = sourcecode.swift; path = VParentBar.swift; sourceTree = "<group>"; };
		DA033CED1E3AA2DC00F7645C /* generic.xcassets */ = {isa = PBXFileReference; lastKnownFileType = folder.assetcatalog; path = generic.xcassets; sourceTree = "<group>"; };
		DA033CEF1E3AA30700F7645C /* VParentBarButton.swift */ = {isa = PBXFileReference; fileEncoding = 4; lastKnownFileType = sourcecode.swift; path = VParentBarButton.swift; sourceTree = "<group>"; };
		DA033CF11E3AB68400F7645C /* VHomeCell.swift */ = {isa = PBXFileReference; fileEncoding = 4; lastKnownFileType = sourcecode.swift; path = VHomeCell.swift; sourceTree = "<group>"; };
		DA12D4721E414A71008327B5 /* VLinearEquationsProjectCellIndex.swift */ = {isa = PBXFileReference; fileEncoding = 4; lastKnownFileType = sourcecode.swift; path = VLinearEquationsProjectCellIndex.swift; sourceTree = "<group>"; };
		DA12D4741E414BC7008327B5 /* MLinearEquationsProjectRowItemIndex.swift */ = {isa = PBXFileReference; fileEncoding = 4; lastKnownFileType = sourcecode.swift; path = MLinearEquationsProjectRowItemIndex.swift; sourceTree = "<group>"; };
		DA12D4761E4156EC008327B5 /* MLinearEquationsProjectRowItemPolynomial.swift */ = {isa = PBXFileReference; fileEncoding = 4; lastKnownFileType = sourcecode.swift; path = MLinearEquationsProjectRowItemPolynomial.swift; sourceTree = "<group>"; };
		DA12D4781E415990008327B5 /* MLinearEquationsProjectRowItemPolynomialDecimal.swift */ = {isa = PBXFileReference; fileEncoding = 4; lastKnownFileType = sourcecode.swift; path = MLinearEquationsProjectRowItemPolynomialDecimal.swift; sourceTree = "<group>"; };
		DA12D47A1E41599A008327B5 /* MLinearEquationsProjectRowItemPolynomialDivision.swift */ = {isa = PBXFileReference; fileEncoding = 4; lastKnownFileType = sourcecode.swift; path = MLinearEquationsProjectRowItemPolynomialDivision.swift; sourceTree = "<group>"; };
		DA133A281E410F710028D90F /* MLinearEquationsProjectBar.swift */ = {isa = PBXFileReference; fileEncoding = 4; lastKnownFileType = sourcecode.swift; path = MLinearEquationsProjectBar.swift; sourceTree = "<group>"; };
		DA133A291E410F710028D90F /* MLinearEquationsProjectBarItem.swift */ = {isa = PBXFileReference; fileEncoding = 4; lastKnownFileType = sourcecode.swift; path = MLinearEquationsProjectBarItem.swift; sourceTree = "<group>"; };
		DA133A311E410F710028D90F /* MLinearEquationsProjectRowItem.swift */ = {isa = PBXFileReference; fileEncoding = 4; lastKnownFileType = sourcecode.swift; path = MLinearEquationsProjectRowItem.swift; sourceTree = "<group>"; };
		DA133A321E410F710028D90F /* MLinearEquationsProjectRowItemEquals.swift */ = {isa = PBXFileReference; fileEncoding = 4; lastKnownFileType = sourcecode.swift; path = MLinearEquationsProjectRowItemEquals.swift; sourceTree = "<group>"; };
		DA133A361E410F710028D90F /* MLinearEquationsProject.swift */ = {isa = PBXFileReference; fileEncoding = 4; lastKnownFileType = sourcecode.swift; path = MLinearEquationsProject.swift; sourceTree = "<group>"; };
		DA133A371E410F710028D90F /* MLinearEquationsProjectRow.swift */ = {isa = PBXFileReference; fileEncoding = 4; lastKnownFileType = sourcecode.swift; path = MLinearEquationsProjectRow.swift; sourceTree = "<group>"; };
		DA133A571E4119E00028D90F /* VLinearEquationsProjectBar.swift */ = {isa = PBXFileReference; fileEncoding = 4; lastKnownFileType = sourcecode.swift; path = VLinearEquationsProjectBar.swift; sourceTree = "<group>"; };
		DA133A581E4119E00028D90F /* VLinearEquationsProjectBarCell.swift */ = {isa = PBXFileReference; fileEncoding = 4; lastKnownFileType = sourcecode.swift; path = VLinearEquationsProjectBarCell.swift; sourceTree = "<group>"; };
		DA133A5C1E4119E00028D90F /* VLinearEquationsProjectCell.swift */ = {isa = PBXFileReference; fileEncoding = 4; lastKnownFileType = sourcecode.swift; path = VLinearEquationsProjectCell.swift; sourceTree = "<group>"; };
		DA133A5E1E4119E00028D90F /* VLinearEquationsProject.swift */ = {isa = PBXFileReference; fileEncoding = 4; lastKnownFileType = sourcecode.swift; path = VLinearEquationsProject.swift; sourceTree = "<group>"; };
		DA133A6B1E411B070028D90F /* VLinearEquationsProjectCellEquals.swift */ = {isa = PBXFileReference; fileEncoding = 4; lastKnownFileType = sourcecode.swift; path = VLinearEquationsProjectCellEquals.swift; sourceTree = "<group>"; };
		DA316CE41E4571C2008E7270 /* VLinearEquationsPolynomialIndeterminate.swift */ = {isa = PBXFileReference; fileEncoding = 4; lastKnownFileType = sourcecode.swift; path = VLinearEquationsPolynomialIndeterminate.swift; sourceTree = "<group>"; };
		DA316CE81E458373008E7270 /* CLinearEquationsPolynomialIndeterminate.swift */ = {isa = PBXFileReference; fileEncoding = 4; lastKnownFileType = sourcecode.swift; path = CLinearEquationsPolynomialIndeterminate.swift; sourceTree = "<group>"; };
		DA316CEC1E458B16008E7270 /* VLinearEquationsIndeterminateList.swift */ = {isa = PBXFileReference; fileEncoding = 4; lastKnownFileType = sourcecode.swift; path = VLinearEquationsIndeterminateList.swift; sourceTree = "<group>"; };
		DA316CEE1E45900D008E7270 /* VLinearEquationsIndeterminateListHeader.swift */ = {isa = PBXFileReference; fileEncoding = 4; lastKnownFileType = sourcecode.swift; path = VLinearEquationsIndeterminateListHeader.swift; sourceTree = "<group>"; };
		DA316CF01E459016008E7270 /* VLinearEquationsIndeterminateListCell.swift */ = {isa = PBXFileReference; fileEncoding = 4; lastKnownFileType = sourcecode.swift; path = VLinearEquationsIndeterminateListCell.swift; sourceTree = "<group>"; };
		DA36DAAA1E444BCE00C17436 /* VLinearEquationsIndeterminateText.swift */ = {isa = PBXFileReference; fileEncoding = 4; lastKnownFileType = sourcecode.swift; path = VLinearEquationsIndeterminateText.swift; sourceTree = "<group>"; };
		DA62D3451E4CCA0A000D0387 /* CLinearEquationsSolution.swift */ = {isa = PBXFileReference; fileEncoding = 4; lastKnownFileType = sourcecode.swift; path = CLinearEquationsSolution.swift; sourceTree = "<group>"; };
		DA62D3511E4CD39C000D0387 /* MLinearEquationsSolution.swift */ = {isa = PBXFileReference; fileEncoding = 4; lastKnownFileType = sourcecode.swift; path = MLinearEquationsSolution.swift; sourceTree = "<group>"; };
		DA62D3541E4CD3F1000D0387 /* MLinearEquationsSolutionEquation.swift */ = {isa = PBXFileReference; fileEncoding = 4; lastKnownFileType = sourcecode.swift; path = MLinearEquationsSolutionEquation.swift; sourceTree = "<group>"; };
		DA62D3561E4CD407000D0387 /* MLinearEquationsSolutionEquationItem.swift */ = {isa = PBXFileReference; fileEncoding = 4; lastKnownFileType = sourcecode.swift; path = MLinearEquationsSolutionEquationItem.swift; sourceTree = "<group>"; };
		DA62D3581E4CD508000D0387 /* MLinearEquationsSolutionIndeterminate.swift */ = {isa = PBXFileReference; fileEncoding = 4; lastKnownFileType = sourcecode.swift; path = MLinearEquationsSolutionIndeterminate.swift; sourceTree = "<group>"; };
		DA62D35A1E4CD51D000D0387 /* MLinearEquationsSolutionEquationItemConstant.swift */ = {isa = PBXFileReference; fileEncoding = 4; lastKnownFileType = sourcecode.swift; path = MLinearEquationsSolutionEquationItemConstant.swift; sourceTree = "<group>"; };
		DA62D35C1E4CD53F000D0387 /* MLinearEquationsSolutionEquationItemPolynomial.swift */ = {isa = PBXFileReference; fileEncoding = 4; lastKnownFileType = sourcecode.swift; path = MLinearEquationsSolutionEquationItemPolynomial.swift; sourceTree = "<group>"; };
		DA62D35E1E4CD583000D0387 /* MLinearEquationsSolutionEquationItemConstantDecimal.swift */ = {isa = PBXFileReference; fileEncoding = 4; lastKnownFileType = sourcecode.swift; path = MLinearEquationsSolutionEquationItemConstantDecimal.swift; sourceTree = "<group>"; };
		DA62D3601E4CD58D000D0387 /* MLinearEquationsSolutionEquationItemConstantDivision.swift */ = {isa = PBXFileReference; fileEncoding = 4; lastKnownFileType = sourcecode.swift; path = MLinearEquationsSolutionEquationItemConstantDivision.swift; sourceTree = "<group>"; };
		DA62D3621E4CD599000D0387 /* MLinearEquationsSolutionEquationItemPolynomialDecimal.swift */ = {isa = PBXFileReference; fileEncoding = 4; lastKnownFileType = sourcecode.swift; path = MLinearEquationsSolutionEquationItemPolynomialDecimal.swift; sourceTree = "<group>"; };
		DA62D3641E4CD5A5000D0387 /* MLinearEquationsSolutionEquationItemPolynomialDivision.swift */ = {isa = PBXFileReference; fileEncoding = 4; lastKnownFileType = sourcecode.swift; path = MLinearEquationsSolutionEquationItemPolynomialDivision.swift; sourceTree = "<group>"; };
		DA62D3661E4CD6C3000D0387 /* MLinearEquationsSolutionStep.swift */ = {isa = PBXFileReference; fileEncoding = 4; lastKnownFileType = sourcecode.swift; path = MLinearEquationsSolutionStep.swift; sourceTree = "<group>"; };
		DA62D3691E4CD752000D0387 /* MLinearEquationsSolutionStepStart.swift */ = {isa = PBXFileReference; fileEncoding = 4; lastKnownFileType = sourcecode.swift; path = MLinearEquationsSolutionStepStart.swift; sourceTree = "<group>"; };
		DA62D36B1E4CD75C000D0387 /* MLinearEquationsSolutionStepProcess.swift */ = {isa = PBXFileReference; fileEncoding = 4; lastKnownFileType = sourcecode.swift; path = MLinearEquationsSolutionStepProcess.swift; sourceTree = "<group>"; };
		DA62D36F1E4CD76F000D0387 /* MLinearEquationsSolutionStepError.swift */ = {isa = PBXFileReference; fileEncoding = 4; lastKnownFileType = sourcecode.swift; path = MLinearEquationsSolutionStepError.swift; sourceTree = "<group>"; };
		DA62D3711E4CD77D000D0387 /* MLinearEquationsSolutionStepDone.swift */ = {isa = PBXFileReference; fileEncoding = 4; lastKnownFileType = sourcecode.swift; path = MLinearEquationsSolutionStepDone.swift; sourceTree = "<group>"; };
		DA62D3731E4CDB9B000D0387 /* MLinearEquationsSolutionStrategy.swift */ = {isa = PBXFileReference; fileEncoding = 4; lastKnownFileType = sourcecode.swift; path = MLinearEquationsSolutionStrategy.swift; sourceTree = "<group>"; };
		DA62D3751E4CDC85000D0387 /* MLinearEquationsSolutionStrategyDelegate.swift */ = {isa = PBXFileReference; fileEncoding = 4; lastKnownFileType = sourcecode.swift; path = MLinearEquationsSolutionStrategyDelegate.swift; sourceTree = "<group>"; };
		DA62D3771E4CE60E000D0387 /* MLinearEquationsSolutionStrategyParse.swift */ = {isa = PBXFileReference; fileEncoding = 4; lastKnownFileType = sourcecode.swift; path = MLinearEquationsSolutionStrategyParse.swift; sourceTree = "<group>"; };
		DA62D37A1E4CEC08000D0387 /* VLinearEquationsSolution.swift */ = {isa = PBXFileReference; fileEncoding = 4; lastKnownFileType = sourcecode.swift; path = VLinearEquationsSolution.swift; sourceTree = "<group>"; };
		DA62D37B1E4CEC08000D0387 /* VLinearEquationsSolutionBar.swift */ = {isa = PBXFileReference; fileEncoding = 4; lastKnownFileType = sourcecode.swift; path = VLinearEquationsSolutionBar.swift; sourceTree = "<group>"; };
		DA62D3801E4CECAB000D0387 /* VLinearEquationsSolutionCell.swift */ = {isa = PBXFileReference; fileEncoding = 4; lastKnownFileType = sourcecode.swift; path = VLinearEquationsSolutionCell.swift; sourceTree = "<group>"; };
		DA62D3821E4CECC1000D0387 /* VLinearEquationsSolutionHeader.swift */ = {isa = PBXFileReference; fileEncoding = 4; lastKnownFileType = sourcecode.swift; path = VLinearEquationsSolutionHeader.swift; sourceTree = "<group>"; };
		DA62D3861E4CED2B000D0387 /* VLinearEquationsSolutionHeaderProcess.swift */ = {isa = PBXFileReference; fileEncoding = 4; lastKnownFileType = sourcecode.swift; path = VLinearEquationsSolutionHeaderProcess.swift; sourceTree = "<group>"; };
		DA62D3881E4CED34000D0387 /* VLinearEquationsSolutionHeaderDone.swift */ = {isa = PBXFileReference; fileEncoding = 4; lastKnownFileType = sourcecode.swift; path = VLinearEquationsSolutionHeaderDone.swift; sourceTree = "<group>"; };
		DA62D38A1E4CED40000D0387 /* VLinearEquationsSolutionHeaderError.swift */ = {isa = PBXFileReference; fileEncoding = 4; lastKnownFileType = sourcecode.swift; path = VLinearEquationsSolutionHeaderError.swift; sourceTree = "<group>"; };
		DA62D38C1E4CEDF9000D0387 /* VLinearEquationsSolutionHeaderStart.swift */ = {isa = PBXFileReference; fileEncoding = 4; lastKnownFileType = sourcecode.swift; path = VLinearEquationsSolutionHeaderStart.swift; sourceTree = "<group>"; };
		DA62D38E1E4CF839000D0387 /* VLinearEquationsSolutionCellPolynomialDecimal.swift */ = {isa = PBXFileReference; fileEncoding = 4; lastKnownFileType = sourcecode.swift; path = VLinearEquationsSolutionCellPolynomialDecimal.swift; sourceTree = "<group>"; };
		DA62D3901E4CF85B000D0387 /* VLinearEquationsSolutionCellPolynomialDivision.swift */ = {isa = PBXFileReference; fileEncoding = 4; lastKnownFileType = sourcecode.swift; path = VLinearEquationsSolutionCellPolynomialDivision.swift; sourceTree = "<group>"; };
		DA62D3921E4CF865000D0387 /* VLinearEquationsSolutionCellConstantDecimal.swift */ = {isa = PBXFileReference; fileEncoding = 4; lastKnownFileType = sourcecode.swift; path = VLinearEquationsSolutionCellConstantDecimal.swift; sourceTree = "<group>"; };
		DA62D3941E4CF870000D0387 /* VLinearEquationsSolutionCellConstantDivision.swift */ = {isa = PBXFileReference; fileEncoding = 4; lastKnownFileType = sourcecode.swift; path = VLinearEquationsSolutionCellConstantDivision.swift; sourceTree = "<group>"; };
		DA62D3961E4CFDEF000D0387 /* VLinearEquationsSolutionFlow.swift */ = {isa = PBXFileReference; fileEncoding = 4; lastKnownFileType = sourcecode.swift; path = VLinearEquationsSolutionFlow.swift; sourceTree = "<group>"; };
		DA62D3981E4D00A5000D0387 /* MLinearEquationsSolutionEquationItemEquals.swift */ = {isa = PBXFileReference; fileEncoding = 4; lastKnownFileType = sourcecode.swift; path = MLinearEquationsSolutionEquationItemEquals.swift; sourceTree = "<group>"; };
		DA62D39A1E4D02B3000D0387 /* VLinearEquationsSolutionCellEquals.swift */ = {isa = PBXFileReference; fileEncoding = 4; lastKnownFileType = sourcecode.swift; path = VLinearEquationsSolutionCellEquals.swift; sourceTree = "<group>"; };
		DA62D39C1E4D1B93000D0387 /* VLinearEquationsSolutionFooter.swift */ = {isa = PBXFileReference; fileEncoding = 4; lastKnownFileType = sourcecode.swift; path = VLinearEquationsSolutionFooter.swift; sourceTree = "<group>"; };
		DA62D39E1E4D24CB000D0387 /* MLinearEquationsSolutionIndeterminatesItem.swift */ = {isa = PBXFileReference; fileEncoding = 4; lastKnownFileType = sourcecode.swift; path = MLinearEquationsSolutionIndeterminatesItem.swift; sourceTree = "<group>"; };
		DA62D3A01E4D24D3000D0387 /* MLinearEquationsSolutionIndeterminates.swift */ = {isa = PBXFileReference; fileEncoding = 4; lastKnownFileType = sourcecode.swift; path = MLinearEquationsSolutionIndeterminates.swift; sourceTree = "<group>"; };
		DA89F19C1E4A47080062DE48 /* VLinearEquationsPolynomialShowAs.swift */ = {isa = PBXFileReference; fileEncoding = 4; lastKnownFileType = sourcecode.swift; path = VLinearEquationsPolynomialShowAs.swift; sourceTree = "<group>"; };
		DA89F19E1E4A4BCE0062DE48 /* VLinearEquationsPolynomialSign.swift */ = {isa = PBXFileReference; fileEncoding = 4; lastKnownFileType = sourcecode.swift; path = VLinearEquationsPolynomialSign.swift; sourceTree = "<group>"; };
		DA89F1A01E4A549B0062DE48 /* VLinearEquationsPolynomialDivision.swift */ = {isa = PBXFileReference; fileEncoding = 4; lastKnownFileType = sourcecode.swift; path = VLinearEquationsPolynomialDivision.swift; sourceTree = "<group>"; };
		DA89F1A21E4A957F0062DE48 /* DPolynomialExtension.swift */ = {isa = PBXFileReference; fileEncoding = 4; lastKnownFileType = sourcecode.swift; path = DPolynomialExtension.swift; sourceTree = "<group>"; };
		DA89F1A41E4A9FC00062DE48 /* DProjectExtension.swift */ = {isa = PBXFileReference; fileEncoding = 4; lastKnownFileType = sourcecode.swift; path = DProjectExtension.swift; sourceTree = "<group>"; };
		DAA4BD6F1E3A4BDE00B0360D /* MHome.swift */ = {isa = PBXFileReference; fileEncoding = 4; lastKnownFileType = sourcecode.swift; path = MHome.swift; sourceTree = "<group>"; };
		DAA4BD711E3A4C4100B0360D /* MHomeItem.swift */ = {isa = PBXFileReference; fileEncoding = 4; lastKnownFileType = sourcecode.swift; path = MHomeItem.swift; sourceTree = "<group>"; };
		DAA4BD731E3A5DBD00B0360D /* MHomeItemLinearEquations.swift */ = {isa = PBXFileReference; fileEncoding = 4; lastKnownFileType = sourcecode.swift; path = MHomeItemLinearEquations.swift; sourceTree = "<group>"; };
		DAA4BD751E3A700C00B0360D /* MHomeItemArithmetic.swift */ = {isa = PBXFileReference; fileEncoding = 4; lastKnownFileType = sourcecode.swift; path = MHomeItemArithmetic.swift; sourceTree = "<group>"; };
		DAA4BD771E3A703900B0360D /* brand.xcassets */ = {isa = PBXFileReference; lastKnownFileType = folder.assetcatalog; path = brand.xcassets; sourceTree = "<group>"; };
		DAB84C301E4168100052F778 /* VLinearEquationsProjectCellPolynomialDecimal.swift */ = {isa = PBXFileReference; fileEncoding = 4; lastKnownFileType = sourcecode.swift; path = VLinearEquationsProjectCellPolynomialDecimal.swift; sourceTree = "<group>"; };
		DAB84C321E41681A0052F778 /* VLinearEquationsProjectCellPolynomialDivision.swift */ = {isa = PBXFileReference; fileEncoding = 4; lastKnownFileType = sourcecode.swift; path = VLinearEquationsProjectCellPolynomialDivision.swift; sourceTree = "<group>"; };
		DAB84C341E416AB10052F778 /* MLinearEquationsProjectRowItemNewPolynomial.swift */ = {isa = PBXFileReference; fileEncoding = 4; lastKnownFileType = sourcecode.swift; path = MLinearEquationsProjectRowItemNewPolynomial.swift; sourceTree = "<group>"; };
		DAC2164C1E42304E009EDBF7 /* VLinearEquationsProjectCellNewPolynomial.swift */ = {isa = PBXFileReference; fileEncoding = 4; lastKnownFileType = sourcecode.swift; path = VLinearEquationsProjectCellNewPolynomial.swift; sourceTree = "<group>"; };
		DAC216501E424DEC009EDBF7 /* VLinearEquationsProjectFlow.swift */ = {isa = PBXFileReference; fileEncoding = 4; lastKnownFileType = sourcecode.swift; path = VLinearEquationsProjectFlow.swift; sourceTree = "<group>"; };
		DAC216521E427D1C009EDBF7 /* VCollectionFlow.swift */ = {isa = PBXFileReference; fileEncoding = 4; lastKnownFileType = sourcecode.swift; path = VCollectionFlow.swift; sourceTree = "<group>"; };
		DAC216541E42989A009EDBF7 /* CLinearEquationsPolynomial.swift */ = {isa = PBXFileReference; fileEncoding = 4; lastKnownFileType = sourcecode.swift; path = CLinearEquationsPolynomial.swift; sourceTree = "<group>"; };
		DAC216571E429D9C009EDBF7 /* VLinearEquationsPolynomial.swift */ = {isa = PBXFileReference; fileEncoding = 4; lastKnownFileType = sourcecode.swift; path = VLinearEquationsPolynomial.swift; sourceTree = "<group>"; };
		DAC216591E42A136009EDBF7 /* VLinearEquationsPolynomialControl.swift */ = {isa = PBXFileReference; fileEncoding = 4; lastKnownFileType = sourcecode.swift; path = VLinearEquationsPolynomialControl.swift; sourceTree = "<group>"; };
		DAC2165B1E42A9BC009EDBF7 /* VLinearEquationsPolynomialText.swift */ = {isa = PBXFileReference; fileEncoding = 4; lastKnownFileType = sourcecode.swift; path = VLinearEquationsPolynomialText.swift; sourceTree = "<group>"; };
		DAC2165D1E42DF43009EDBF7 /* MLinearEquationsProjectRowItemNewRow.swift */ = {isa = PBXFileReference; fileEncoding = 4; lastKnownFileType = sourcecode.swift; path = MLinearEquationsProjectRowItemNewRow.swift; sourceTree = "<group>"; };
		DAD46DB31E46A13500AED3B9 /* MLinearEquationsIndeterminates.swift */ = {isa = PBXFileReference; fileEncoding = 4; lastKnownFileType = sourcecode.swift; path = MLinearEquationsIndeterminates.swift; sourceTree = "<group>"; };
		DAD46DB51E46A15C00AED3B9 /* MLinearEquationsIndeterminatesItem.swift */ = {isa = PBXFileReference; fileEncoding = 4; lastKnownFileType = sourcecode.swift; path = MLinearEquationsIndeterminatesItem.swift; sourceTree = "<group>"; };
		DAD518941E3F978D0004C8D8 /* DGaussSquad.xcdatamodel */ = {isa = PBXFileReference; lastKnownFileType = wrapper.xcdatamodel; path = DGaussSquad.xcdatamodel; sourceTree = "<group>"; };
		DAD518961E3FAF1D0004C8D8 /* CLinearEquationsProject.swift */ = {isa = PBXFileReference; fileEncoding = 4; lastKnownFileType = sourcecode.swift; path = CLinearEquationsProject.swift; sourceTree = "<group>"; };
		DAD518A81E3FBCF90004C8D8 /* MLinearEquations.swift */ = {isa = PBXFileReference; fileEncoding = 4; lastKnownFileType = sourcecode.swift; path = MLinearEquations.swift; sourceTree = "<group>"; };
		DAD518C91E4006420004C8D8 /* MLinearEquationsItem.swift */ = {isa = PBXFileReference; fileEncoding = 4; lastKnownFileType = sourcecode.swift; path = MLinearEquationsItem.swift; sourceTree = "<group>"; };
		DADA15811E44D71100766103 /* VToast.swift */ = {isa = PBXFileReference; fileEncoding = 4; lastKnownFileType = sourcecode.swift; path = VToast.swift; sourceTree = "<group>"; };
		DADDF86A1E4AA31100447C55 /* DEquationExtension.swift */ = {isa = PBXFileReference; fileEncoding = 4; lastKnownFileType = sourcecode.swift; path = DEquationExtension.swift; sourceTree = "<group>"; };
		DAF37AD11E3D4FEF005052D8 /* CLinearEquations.swift */ = {isa = PBXFileReference; fileEncoding = 4; lastKnownFileType = sourcecode.swift; path = CLinearEquations.swift; sourceTree = "<group>"; };
		DAF37AD81E3D51D7005052D8 /* VLinearEquations.swift */ = {isa = PBXFileReference; fileEncoding = 4; lastKnownFileType = sourcecode.swift; path = VLinearEquations.swift; sourceTree = "<group>"; };
		DAF37ADA1E3D6588005052D8 /* spinner.xcassets */ = {isa = PBXFileReference; lastKnownFileType = folder.assetcatalog; path = spinner.xcassets; sourceTree = "<group>"; };
		DAF37AE01E3D6BCE005052D8 /* VLinearEquationsCell.swift */ = {isa = PBXFileReference; fileEncoding = 4; lastKnownFileType = sourcecode.swift; path = VLinearEquationsCell.swift; sourceTree = "<group>"; };
		DAF37AE41E3D6EA1005052D8 /* VLinearEquationsBar.swift */ = {isa = PBXFileReference; fileEncoding = 4; lastKnownFileType = sourcecode.swift; path = VLinearEquationsBar.swift; sourceTree = "<group>"; };
		DAFDD4F91E43873C00880556 /* VLinearEquationsProjectCellNewRow.swift */ = {isa = PBXFileReference; fileEncoding = 4; lastKnownFileType = sourcecode.swift; path = VLinearEquationsProjectCellNewRow.swift; sourceTree = "<group>"; };
		DAFDD4FB1E439D8400880556 /* MLinearEquationsProjectBarItemBack.swift */ = {isa = PBXFileReference; fileEncoding = 4; lastKnownFileType = sourcecode.swift; path = MLinearEquationsProjectBarItemBack.swift; sourceTree = "<group>"; };
		DAFDD4FD1E43D2EA00880556 /* MLinearEquationsProjectBarItemHelp.swift */ = {isa = PBXFileReference; fileEncoding = 4; lastKnownFileType = sourcecode.swift; path = MLinearEquationsProjectBarItemHelp.swift; sourceTree = "<group>"; };
		DAFDD4FF1E43D3AA00880556 /* MLinearEquationsProjectBarItemTrash.swift */ = {isa = PBXFileReference; fileEncoding = 4; lastKnownFileType = sourcecode.swift; path = MLinearEquationsProjectBarItemTrash.swift; sourceTree = "<group>"; };
		DAFDD5011E43D3E800880556 /* MLinearEquationsProjectBarItemCompress.swift */ = {isa = PBXFileReference; fileEncoding = 4; lastKnownFileType = sourcecode.swift; path = MLinearEquationsProjectBarItemCompress.swift; sourceTree = "<group>"; };
		DAFDD5031E43D40F00880556 /* MLinearEquationsProjectBarItemNext.swift */ = {isa = PBXFileReference; fileEncoding = 4; lastKnownFileType = sourcecode.swift; path = MLinearEquationsProjectBarItemNext.swift; sourceTree = "<group>"; };
		DAFDD5051E43D95600880556 /* VLinearEquationsProjectBarIndeterminates.swift */ = {isa = PBXFileReference; fileEncoding = 4; lastKnownFileType = sourcecode.swift; path = VLinearEquationsProjectBarIndeterminates.swift; sourceTree = "<group>"; };
		DAFDD5091E43DECC00880556 /* VLinearEquationsProjectBarIndeterminatesCell.swift */ = {isa = PBXFileReference; fileEncoding = 4; lastKnownFileType = sourcecode.swift; path = VLinearEquationsProjectBarIndeterminatesCell.swift; sourceTree = "<group>"; };
		DAFDD50D1E443FBF00880556 /* CLinearEquationsIndeterminate.swift */ = {isa = PBXFileReference; fileEncoding = 4; lastKnownFileType = sourcecode.swift; path = CLinearEquationsIndeterminate.swift; sourceTree = "<group>"; };
		DAFDD5101E4442F400880556 /* VLinearEquationsIndeterminate.swift */ = {isa = PBXFileReference; fileEncoding = 4; lastKnownFileType = sourcecode.swift; path = VLinearEquationsIndeterminate.swift; sourceTree = "<group>"; };
		DAFDD5121E44441100880556 /* VLinearEquationsIndeterminateControl.swift */ = {isa = PBXFileReference; fileEncoding = 4; lastKnownFileType = sourcecode.swift; path = VLinearEquationsIndeterminateControl.swift; sourceTree = "<group>"; };
		DAFF4A341E3979B600A2DD4B /* GaussSquad.app */ = {isa = PBXFileReference; explicitFileType = wrapper.application; includeInIndex = 0; path = GaussSquad.app; sourceTree = BUILT_PRODUCTS_DIR; };
		DAFF4A4A1E397B9500A2DD4B /* LaunchScreen.storyboard */ = {isa = PBXFileReference; fileEncoding = 4; lastKnownFileType = file.storyboard; path = LaunchScreen.storyboard; sourceTree = "<group>"; };
		DAFF4A4D1E397B9500A2DD4B /* CAppDelegate.swift */ = {isa = PBXFileReference; fileEncoding = 4; lastKnownFileType = sourcecode.swift; path = CAppDelegate.swift; sourceTree = "<group>"; };
		DAFF4A4E1E397B9500A2DD4B /* CController.swift */ = {isa = PBXFileReference; fileEncoding = 4; lastKnownFileType = sourcecode.swift; path = CController.swift; sourceTree = "<group>"; };
		DAFF4A4F1E397B9500A2DD4B /* CParent.swift */ = {isa = PBXFileReference; fileEncoding = 4; lastKnownFileType = sourcecode.swift; path = CParent.swift; sourceTree = "<group>"; };
		DAFF4A511E397B9500A2DD4B /* DManager.swift */ = {isa = PBXFileReference; fileEncoding = 4; lastKnownFileType = sourcecode.swift; path = DManager.swift; sourceTree = "<group>"; };
		DAFF4A531E397B9500A2DD4B /* ExtensionFileManager.swift */ = {isa = PBXFileReference; fileEncoding = 4; lastKnownFileType = sourcecode.swift; path = ExtensionFileManager.swift; sourceTree = "<group>"; };
		DAFF4A581E397B9500A2DD4B /* ExtensionNotification.swift */ = {isa = PBXFileReference; fileEncoding = 4; lastKnownFileType = sourcecode.swift; path = ExtensionNotification.swift; sourceTree = "<group>"; };
		DAFF4A591E397B9600A2DD4B /* ExtensionNSLayoutConstraint.swift */ = {isa = PBXFileReference; fileEncoding = 4; lastKnownFileType = sourcecode.swift; path = ExtensionNSLayoutConstraint.swift; sourceTree = "<group>"; };
		DAFF4A5A1E397B9600A2DD4B /* ExtensionNSManagedObject.swift */ = {isa = PBXFileReference; fileEncoding = 4; lastKnownFileType = sourcecode.swift; path = ExtensionNSManagedObject.swift; sourceTree = "<group>"; };
		DAFF4A5B1E397B9600A2DD4B /* ExtensionUICollectionReusableView.swift */ = {isa = PBXFileReference; fileEncoding = 4; lastKnownFileType = sourcecode.swift; path = ExtensionUICollectionReusableView.swift; sourceTree = "<group>"; };
		DAFF4A5C1E397B9600A2DD4B /* ExtensionUIColor.swift */ = {isa = PBXFileReference; fileEncoding = 4; lastKnownFileType = sourcecode.swift; path = ExtensionUIColor.swift; sourceTree = "<group>"; };
		DAFF4A5D1E397B9600A2DD4B /* ExtensionUIFont.swift */ = {isa = PBXFileReference; fileEncoding = 4; lastKnownFileType = sourcecode.swift; path = ExtensionUIFont.swift; sourceTree = "<group>"; };
		DAFF4A5E1E397B9600A2DD4B /* ExtensionURL.swift */ = {isa = PBXFileReference; fileEncoding = 4; lastKnownFileType = sourcecode.swift; path = ExtensionURL.swift; sourceTree = "<group>"; };
		DAFF4A5F1E397B9600A2DD4B /* Info.plist */ = {isa = PBXFileReference; fileEncoding = 4; lastKnownFileType = text.plist.xml; path = Info.plist; sourceTree = "<group>"; };
		DAFF4A811E397B9600A2DD4B /* MHelp.swift */ = {isa = PBXFileReference; fileEncoding = 4; lastKnownFileType = sourcecode.swift; path = MHelp.swift; sourceTree = "<group>"; };
		DAFF4A821E397B9600A2DD4B /* MHelpItem.swift */ = {isa = PBXFileReference; fileEncoding = 4; lastKnownFileType = sourcecode.swift; path = MHelpItem.swift; sourceTree = "<group>"; };
		DAFF4A841E397B9600A2DD4B /* MSession.swift */ = {isa = PBXFileReference; fileEncoding = 4; lastKnownFileType = sourcecode.swift; path = MSession.swift; sourceTree = "<group>"; };
		DAFF4A871E397B9600A2DD4B /* en */ = {isa = PBXFileReference; lastKnownFileType = text.plist.strings; name = en; path = en.lproj/Localizable.strings; sourceTree = "<group>"; };
		DAFF4A8A1E397B9600A2DD4B /* VHelp.swift */ = {isa = PBXFileReference; fileEncoding = 4; lastKnownFileType = sourcecode.swift; path = VHelp.swift; sourceTree = "<group>"; };
		DAFF4A8B1E397B9600A2DD4B /* VHelpCell.swift */ = {isa = PBXFileReference; fileEncoding = 4; lastKnownFileType = sourcecode.swift; path = VHelpCell.swift; sourceTree = "<group>"; };
		DAFF4A8E1E397B9600A2DD4B /* VParent.swift */ = {isa = PBXFileReference; fileEncoding = 4; lastKnownFileType = sourcecode.swift; path = VParent.swift; sourceTree = "<group>"; };
		DAFF4A901E397B9600A2DD4B /* VAlert.swift */ = {isa = PBXFileReference; fileEncoding = 4; lastKnownFileType = sourcecode.swift; path = VAlert.swift; sourceTree = "<group>"; };
		DAFF4A911E397B9600A2DD4B /* VBlur.swift */ = {isa = PBXFileReference; fileEncoding = 4; lastKnownFileType = sourcecode.swift; path = VBlur.swift; sourceTree = "<group>"; };
		DAFF4A921E397B9600A2DD4B /* VBorder.swift */ = {isa = PBXFileReference; fileEncoding = 4; lastKnownFileType = sourcecode.swift; path = VBorder.swift; sourceTree = "<group>"; };
		DAFF4A931E397B9600A2DD4B /* VCollection.swift */ = {isa = PBXFileReference; fileEncoding = 4; lastKnownFileType = sourcecode.swift; path = VCollection.swift; sourceTree = "<group>"; };
		DAFF4A941E397B9600A2DD4B /* VSpinner.swift */ = {isa = PBXFileReference; fileEncoding = 4; lastKnownFileType = sourcecode.swift; path = VSpinner.swift; sourceTree = "<group>"; };
		DAFF4A951E397B9600A2DD4B /* VView.swift */ = {isa = PBXFileReference; fileEncoding = 4; lastKnownFileType = sourcecode.swift; path = VView.swift; sourceTree = "<group>"; };
		DAFF4AD21E397D9A00A2DD4B /* CHelp.swift */ = {isa = PBXFileReference; fileEncoding = 4; lastKnownFileType = sourcecode.swift; path = CHelp.swift; sourceTree = "<group>"; };
		DAFF4AD51E397E0100A2DD4B /* CHome.swift */ = {isa = PBXFileReference; fileEncoding = 4; lastKnownFileType = sourcecode.swift; path = CHome.swift; sourceTree = "<group>"; };
/* End PBXFileReference section */

/* Begin PBXFrameworksBuildPhase section */
		DAFF4A311E3979B600A2DD4B /* Frameworks */ = {
			isa = PBXFrameworksBuildPhase;
			buildActionMask = 2147483647;
			files = (
			);
			runOnlyForDeploymentPostprocessing = 0;
		};
/* End PBXFrameworksBuildPhase section */

/* Begin PBXGroup section */
		DA033CE81E3A934800F7645C /* Home */ = {
			isa = PBXGroup;
			children = (
				DA033CE91E3A935700F7645C /* VHome.swift */,
				DA033CF11E3AB68400F7645C /* VHomeCell.swift */,
			);
			path = Home;
			sourceTree = "<group>";
		};
		DA133A271E410F710028D90F /* Bar */ = {
			isa = PBXGroup;
			children = (
				DA133A281E410F710028D90F /* MLinearEquationsProjectBar.swift */,
				DA133A291E410F710028D90F /* MLinearEquationsProjectBarItem.swift */,
				DAFDD4FB1E439D8400880556 /* MLinearEquationsProjectBarItemBack.swift */,
				DAFDD4FD1E43D2EA00880556 /* MLinearEquationsProjectBarItemHelp.swift */,
				DAFDD4FF1E43D3AA00880556 /* MLinearEquationsProjectBarItemTrash.swift */,
				DAFDD5011E43D3E800880556 /* MLinearEquationsProjectBarItemCompress.swift */,
				DAFDD5031E43D40F00880556 /* MLinearEquationsProjectBarItemNext.swift */,
			);
			path = Bar;
			sourceTree = "<group>";
		};
		DA133A301E410F710028D90F /* Items */ = {
			isa = PBXGroup;
			children = (
				DA133A311E410F710028D90F /* MLinearEquationsProjectRowItem.swift */,
				DA12D4741E414BC7008327B5 /* MLinearEquationsProjectRowItemIndex.swift */,
				DA133A321E410F710028D90F /* MLinearEquationsProjectRowItemEquals.swift */,
				DA12D4761E4156EC008327B5 /* MLinearEquationsProjectRowItemPolynomial.swift */,
				DA12D4781E415990008327B5 /* MLinearEquationsProjectRowItemPolynomialDecimal.swift */,
				DA12D47A1E41599A008327B5 /* MLinearEquationsProjectRowItemPolynomialDivision.swift */,
				DAB84C341E416AB10052F778 /* MLinearEquationsProjectRowItemNewPolynomial.swift */,
				DAC2165D1E42DF43009EDBF7 /* MLinearEquationsProjectRowItemNewRow.swift */,
			);
			path = Items;
			sourceTree = "<group>";
		};
		DA133A351E410F710028D90F /* Main */ = {
			isa = PBXGroup;
			children = (
				DA133A361E410F710028D90F /* MLinearEquationsProject.swift */,
				DA133A371E410F710028D90F /* MLinearEquationsProjectRow.swift */,
			);
			path = Main;
			sourceTree = "<group>";
		};
		DA133A561E4119E00028D90F /* Bar */ = {
			isa = PBXGroup;
			children = (
				DA133A571E4119E00028D90F /* VLinearEquationsProjectBar.swift */,
				DA133A581E4119E00028D90F /* VLinearEquationsProjectBarCell.swift */,
				DAFDD5051E43D95600880556 /* VLinearEquationsProjectBarIndeterminates.swift */,
				DAFDD5091E43DECC00880556 /* VLinearEquationsProjectBarIndeterminatesCell.swift */,
			);
			path = Bar;
			sourceTree = "<group>";
		};
		DA133A5B1E4119E00028D90F /* Items */ = {
			isa = PBXGroup;
			children = (
				DA133A5C1E4119E00028D90F /* VLinearEquationsProjectCell.swift */,
				DA12D4721E414A71008327B5 /* VLinearEquationsProjectCellIndex.swift */,
				DA133A6B1E411B070028D90F /* VLinearEquationsProjectCellEquals.swift */,
				DAB84C301E4168100052F778 /* VLinearEquationsProjectCellPolynomialDecimal.swift */,
				DAB84C321E41681A0052F778 /* VLinearEquationsProjectCellPolynomialDivision.swift */,
				DAC2164C1E42304E009EDBF7 /* VLinearEquationsProjectCellNewPolynomial.swift */,
				DAFDD4F91E43873C00880556 /* VLinearEquationsProjectCellNewRow.swift */,
			);
			path = Items;
			sourceTree = "<group>";
		};
		DA133A5D1E4119E00028D90F /* Main */ = {
			isa = PBXGroup;
			children = (
				DA133A5E1E4119E00028D90F /* VLinearEquationsProject.swift */,
				DAC216501E424DEC009EDBF7 /* VLinearEquationsProjectFlow.swift */,
			);
			path = Main;
			sourceTree = "<group>";
		};
		DA316CEB1E458AFF008E7270 /* PolynomialIndeterminate */ = {
			isa = PBXGroup;
			children = (
				DA316CEC1E458B16008E7270 /* VLinearEquationsIndeterminateList.swift */,
				DA316CEE1E45900D008E7270 /* VLinearEquationsIndeterminateListHeader.swift */,
				DA316CF01E459016008E7270 /* VLinearEquationsIndeterminateListCell.swift */,
			);
			path = PolynomialIndeterminate;
			sourceTree = "<group>";
		};
		DA62D3471E4CCAE3000D0387 /* Solution */ = {
			isa = PBXGroup;
			children = (
				DA62D3791E4CEC08000D0387 /* Base */,
				DA62D37C1E4CEC08000D0387 /* Cells */,
				DA62D37D1E4CEC08000D0387 /* Headers */,
			);
			path = Solution;
			sourceTree = "<group>";
		};
		DA62D34C1E4CD18B000D0387 /* Solution */ = {
			isa = PBXGroup;
			children = (
				DA62D3501E4CD39C000D0387 /* Base */,
				DA62D3681E4CD730000D0387 /* Steps */,
				DA62D3521E4CD39C000D0387 /* Items */,
				DA62D34F1E4CD39C000D0387 /* Strategy */,
			);
			path = Solution;
			sourceTree = "<group>";
		};
		DA62D34F1E4CD39C000D0387 /* Strategy */ = {
			isa = PBXGroup;
			children = (
				DA62D3731E4CDB9B000D0387 /* MLinearEquationsSolutionStrategy.swift */,
				DA62D3751E4CDC85000D0387 /* MLinearEquationsSolutionStrategyDelegate.swift */,
				DA62D3771E4CE60E000D0387 /* MLinearEquationsSolutionStrategyParse.swift */,
			);
			path = Strategy;
			sourceTree = "<group>";
		};
		DA62D3501E4CD39C000D0387 /* Base */ = {
			isa = PBXGroup;
			children = (
				DA62D3511E4CD39C000D0387 /* MLinearEquationsSolution.swift */,
				DA62D3661E4CD6C3000D0387 /* MLinearEquationsSolutionStep.swift */,
				DA62D3541E4CD3F1000D0387 /* MLinearEquationsSolutionEquation.swift */,
				DA62D3561E4CD407000D0387 /* MLinearEquationsSolutionEquationItem.swift */,
				DA62D3581E4CD508000D0387 /* MLinearEquationsSolutionIndeterminate.swift */,
				DA62D3A01E4D24D3000D0387 /* MLinearEquationsSolutionIndeterminates.swift */,
				DA62D39E1E4D24CB000D0387 /* MLinearEquationsSolutionIndeterminatesItem.swift */,
			);
			path = Base;
			sourceTree = "<group>";
		};
		DA62D3521E4CD39C000D0387 /* Items */ = {
			isa = PBXGroup;
			children = (
				DA62D35A1E4CD51D000D0387 /* MLinearEquationsSolutionEquationItemConstant.swift */,
				DA62D35E1E4CD583000D0387 /* MLinearEquationsSolutionEquationItemConstantDecimal.swift */,
				DA62D3601E4CD58D000D0387 /* MLinearEquationsSolutionEquationItemConstantDivision.swift */,
				DA62D35C1E4CD53F000D0387 /* MLinearEquationsSolutionEquationItemPolynomial.swift */,
				DA62D3621E4CD599000D0387 /* MLinearEquationsSolutionEquationItemPolynomialDecimal.swift */,
				DA62D3641E4CD5A5000D0387 /* MLinearEquationsSolutionEquationItemPolynomialDivision.swift */,
				DA62D3981E4D00A5000D0387 /* MLinearEquationsSolutionEquationItemEquals.swift */,
			);
			path = Items;
			sourceTree = "<group>";
		};
		DA62D3681E4CD730000D0387 /* Steps */ = {
			isa = PBXGroup;
			children = (
				DA62D3691E4CD752000D0387 /* MLinearEquationsSolutionStepStart.swift */,
				DA62D36B1E4CD75C000D0387 /* MLinearEquationsSolutionStepProcess.swift */,
				DA62D3711E4CD77D000D0387 /* MLinearEquationsSolutionStepDone.swift */,
				DA62D36F1E4CD76F000D0387 /* MLinearEquationsSolutionStepError.swift */,
			);
			path = Steps;
			sourceTree = "<group>";
		};
		DA62D3791E4CEC08000D0387 /* Base */ = {
			isa = PBXGroup;
			children = (
				DA62D37A1E4CEC08000D0387 /* VLinearEquationsSolution.swift */,
				DA62D37B1E4CEC08000D0387 /* VLinearEquationsSolutionBar.swift */,
				DA62D3961E4CFDEF000D0387 /* VLinearEquationsSolutionFlow.swift */,
				DA62D3821E4CECC1000D0387 /* VLinearEquationsSolutionHeader.swift */,
				DA62D39C1E4D1B93000D0387 /* VLinearEquationsSolutionFooter.swift */,
				DA62D3801E4CECAB000D0387 /* VLinearEquationsSolutionCell.swift */,
			);
			path = Base;
			sourceTree = "<group>";
		};
		DA62D37C1E4CEC08000D0387 /* Cells */ = {
			isa = PBXGroup;
			children = (
				DA62D38E1E4CF839000D0387 /* VLinearEquationsSolutionCellPolynomialDecimal.swift */,
				DA62D3901E4CF85B000D0387 /* VLinearEquationsSolutionCellPolynomialDivision.swift */,
				DA62D3921E4CF865000D0387 /* VLinearEquationsSolutionCellConstantDecimal.swift */,
				DA62D3941E4CF870000D0387 /* VLinearEquationsSolutionCellConstantDivision.swift */,
				DA62D39A1E4D02B3000D0387 /* VLinearEquationsSolutionCellEquals.swift */,
			);
			path = Cells;
			sourceTree = "<group>";
		};
		DA62D37D1E4CEC08000D0387 /* Headers */ = {
			isa = PBXGroup;
			children = (
				DA62D38C1E4CEDF9000D0387 /* VLinearEquationsSolutionHeaderStart.swift */,
				DA62D3861E4CED2B000D0387 /* VLinearEquationsSolutionHeaderProcess.swift */,
				DA62D3881E4CED34000D0387 /* VLinearEquationsSolutionHeaderDone.swift */,
				DA62D38A1E4CED40000D0387 /* VLinearEquationsSolutionHeaderError.swift */,
			);
			path = Headers;
			sourceTree = "<group>";
		};
		DAA4BD6E1E3A4A1E00B0360D /* Home */ = {
			isa = PBXGroup;
			children = (
				DAA4BD6F1E3A4BDE00B0360D /* MHome.swift */,
				DAA4BD711E3A4C4100B0360D /* MHomeItem.swift */,
				DAA4BD751E3A700C00B0360D /* MHomeItemArithmetic.swift */,
				DAA4BD731E3A5DBD00B0360D /* MHomeItemLinearEquations.swift */,
			);
			path = Home;
			sourceTree = "<group>";
		};
		DAC216561E429D06009EDBF7 /* Polynomial */ = {
			isa = PBXGroup;
			children = (
				DAC216571E429D9C009EDBF7 /* VLinearEquationsPolynomial.swift */,
				DAC2165B1E42A9BC009EDBF7 /* VLinearEquationsPolynomialText.swift */,
				DA89F1A01E4A549B0062DE48 /* VLinearEquationsPolynomialDivision.swift */,
				DAC216591E42A136009EDBF7 /* VLinearEquationsPolynomialControl.swift */,
				DA89F19E1E4A4BCE0062DE48 /* VLinearEquationsPolynomialSign.swift */,
				DA316CE41E4571C2008E7270 /* VLinearEquationsPolynomialIndeterminate.swift */,
				DA89F19C1E4A47080062DE48 /* VLinearEquationsPolynomialShowAs.swift */,
			);
			path = Polynomial;
			sourceTree = "<group>";
		};
		DAD46DB21E46A12500AED3B9 /* Indeterminates */ = {
			isa = PBXGroup;
			children = (
				DAD46DB31E46A13500AED3B9 /* MLinearEquationsIndeterminates.swift */,
				DAD46DB51E46A15C00AED3B9 /* MLinearEquationsIndeterminatesItem.swift */,
			);
			path = Indeterminates;
			sourceTree = "<group>";
		};
		DAD518981E3FB0770004C8D8 /* Project */ = {
			isa = PBXGroup;
			children = (
				DA133A561E4119E00028D90F /* Bar */,
				DA133A5B1E4119E00028D90F /* Items */,
				DA133A5D1E4119E00028D90F /* Main */,
			);
			path = Project;
			sourceTree = "<group>";
		};
		DAD518A71E3FBCF90004C8D8 /* Landing */ = {
			isa = PBXGroup;
			children = (
				DAD518A81E3FBCF90004C8D8 /* MLinearEquations.swift */,
				DAD518C91E4006420004C8D8 /* MLinearEquationsItem.swift */,
			);
			path = Landing;
			sourceTree = "<group>";
		};
		DAD518A91E3FBCF90004C8D8 /* Projects */ = {
			isa = PBXGroup;
			children = (
				DA133A351E410F710028D90F /* Main */,
				DA133A271E410F710028D90F /* Bar */,
				DA133A301E410F710028D90F /* Items */,
			);
			path = Projects;
			sourceTree = "<group>";
		};
		DAF37AD01E3D4FE4005052D8 /* LinearEquations */ = {
			isa = PBXGroup;
			children = (
				DAF37AD11E3D4FEF005052D8 /* CLinearEquations.swift */,
				DAD518961E3FAF1D0004C8D8 /* CLinearEquationsProject.swift */,
				DAC216541E42989A009EDBF7 /* CLinearEquationsPolynomial.swift */,
				DA316CE81E458373008E7270 /* CLinearEquationsPolynomialIndeterminate.swift */,
				DAFDD50D1E443FBF00880556 /* CLinearEquationsIndeterminate.swift */,
				DA62D3451E4CCA0A000D0387 /* CLinearEquationsSolution.swift */,
			);
			path = LinearEquations;
			sourceTree = "<group>";
		};
		DAF37AD31E3D5098005052D8 /* LinearEquations */ = {
			isa = PBXGroup;
			children = (
				DA62D34C1E4CD18B000D0387 /* Solution */,
				DAD46DB21E46A12500AED3B9 /* Indeterminates */,
				DAD518A71E3FBCF90004C8D8 /* Landing */,
				DAD518A91E3FBCF90004C8D8 /* Projects */,
			);
			path = LinearEquations;
			sourceTree = "<group>";
		};
		DAF37AD41E3D509F005052D8 /* LinearEquations */ = {
			isa = PBXGroup;
			children = (
				DA62D3471E4CCAE3000D0387 /* Solution */,
				DA316CEB1E458AFF008E7270 /* PolynomialIndeterminate */,
				DAFDD50F1E4442E300880556 /* Indeterminate */,
				DAC216561E429D06009EDBF7 /* Polynomial */,
				DAD518981E3FB0770004C8D8 /* Project */,
				DAF37AD71E3D51C8005052D8 /* Landing */,
			);
			path = LinearEquations;
			sourceTree = "<group>";
		};
		DAF37AD71E3D51C8005052D8 /* Landing */ = {
			isa = PBXGroup;
			children = (
				DAF37AD81E3D51D7005052D8 /* VLinearEquations.swift */,
				DAF37AE41E3D6EA1005052D8 /* VLinearEquationsBar.swift */,
				DAF37AE01E3D6BCE005052D8 /* VLinearEquationsCell.swift */,
			);
			path = Landing;
			sourceTree = "<group>";
		};
		DAFDD50F1E4442E300880556 /* Indeterminate */ = {
			isa = PBXGroup;
			children = (
				DAFDD5101E4442F400880556 /* VLinearEquationsIndeterminate.swift */,
				DAFDD5121E44441100880556 /* VLinearEquationsIndeterminateControl.swift */,
				DA36DAAA1E444BCE00C17436 /* VLinearEquationsIndeterminateText.swift */,
			);
			path = Indeterminate;
			sourceTree = "<group>";
		};
		DAFF4A2B1E3979B600A2DD4B = {
			isa = PBXGroup;
			children = (
				DAFF4A361E3979B600A2DD4B /* GaussSquad */,
				DAFF4A351E3979B600A2DD4B /* Products */,
			);
			sourceTree = "<group>";
		};
		DAFF4A351E3979B600A2DD4B /* Products */ = {
			isa = PBXGroup;
			children = (
				DAFF4A341E3979B600A2DD4B /* GaussSquad.app */,
			);
			name = Products;
			sourceTree = "<group>";
		};
		DAFF4A361E3979B600A2DD4B /* GaussSquad */ = {
			isa = PBXGroup;
			children = (
				DAFF4A491E397B9500A2DD4B /* Assets */,
				DAFF4A4B1E397B9500A2DD4B /* Controller */,
				DAFF4A501E397B9500A2DD4B /* Data */,
				DAFF4A521E397B9500A2DD4B /* Extensions */,
				DAFF4A5F1E397B9600A2DD4B /* Info.plist */,
				DAFF4A7E1E397B9600A2DD4B /* Model */,
				DAFF4A851E397B9600A2DD4B /* Resource */,
				DAFF4A881E397B9600A2DD4B /* View */,
			);
			path = GaussSquad;
			sourceTree = "<group>";
		};
		DAFF4A491E397B9500A2DD4B /* Assets */ = {
			isa = PBXGroup;
			children = (
				DAFF4A4A1E397B9500A2DD4B /* LaunchScreen.storyboard */,
				DAA4BD771E3A703900B0360D /* brand.xcassets */,
				DA033CED1E3AA2DC00F7645C /* generic.xcassets */,
				DAF37ADA1E3D6588005052D8 /* spinner.xcassets */,
			);
			path = Assets;
			sourceTree = "<group>";
		};
		DAFF4A4B1E397B9500A2DD4B /* Controller */ = {
			isa = PBXGroup;
			children = (
				DAF37AD01E3D4FE4005052D8 /* LinearEquations */,
				DAFF4AD41E397DF700A2DD4B /* Home */,
				DAFF4A4C1E397B9500A2DD4B /* Main */,
				DAFF4AD11E397D9A00A2DD4B /* Help */,
			);
			path = Controller;
			sourceTree = "<group>";
		};
		DAFF4A4C1E397B9500A2DD4B /* Main */ = {
			isa = PBXGroup;
			children = (
				DAFF4A4D1E397B9500A2DD4B /* CAppDelegate.swift */,
				DAFF4A4E1E397B9500A2DD4B /* CController.swift */,
				DAFF4A4F1E397B9500A2DD4B /* CParent.swift */,
			);
			path = Main;
			sourceTree = "<group>";
		};
		DAFF4A501E397B9500A2DD4B /* Data */ = {
			isa = PBXGroup;
			children = (
				DAFF4A511E397B9500A2DD4B /* DManager.swift */,
				DA89F1A41E4A9FC00062DE48 /* DProjectExtension.swift */,
				DADDF86A1E4AA31100447C55 /* DEquationExtension.swift */,
				DA89F1A21E4A957F0062DE48 /* DPolynomialExtension.swift */,
				DAD518931E3F978D0004C8D8 /* DGaussSquad.xcdatamodeld */,
			);
			path = Data;
			sourceTree = "<group>";
		};
		DAFF4A521E397B9500A2DD4B /* Extensions */ = {
			isa = PBXGroup;
			children = (
				DAFF4A531E397B9500A2DD4B /* ExtensionFileManager.swift */,
				DAFF4A581E397B9500A2DD4B /* ExtensionNotification.swift */,
				DAFF4A591E397B9600A2DD4B /* ExtensionNSLayoutConstraint.swift */,
				DAFF4A5A1E397B9600A2DD4B /* ExtensionNSManagedObject.swift */,
				DAFF4A5B1E397B9600A2DD4B /* ExtensionUICollectionReusableView.swift */,
				DAFF4A5C1E397B9600A2DD4B /* ExtensionUIColor.swift */,
				DAFF4A5D1E397B9600A2DD4B /* ExtensionUIFont.swift */,
				DAFF4A5E1E397B9600A2DD4B /* ExtensionURL.swift */,
			);
			path = Extensions;
			sourceTree = "<group>";
		};
		DAFF4A7E1E397B9600A2DD4B /* Model */ = {
			isa = PBXGroup;
			children = (
				DAF37AD31E3D5098005052D8 /* LinearEquations */,
				DAA4BD6E1E3A4A1E00B0360D /* Home */,
				DAFF4A7F1E397B9600A2DD4B /* Help */,
				DAFF4A831E397B9600A2DD4B /* Session */,
			);
			path = Model;
			sourceTree = "<group>";
		};
		DAFF4A7F1E397B9600A2DD4B /* Help */ = {
			isa = PBXGroup;
			children = (
				DAFF4A801E397B9600A2DD4B /* Main */,
			);
			path = Help;
			sourceTree = "<group>";
		};
		DAFF4A801E397B9600A2DD4B /* Main */ = {
			isa = PBXGroup;
			children = (
				DAFF4A811E397B9600A2DD4B /* MHelp.swift */,
				DAFF4A821E397B9600A2DD4B /* MHelpItem.swift */,
			);
			path = Main;
			sourceTree = "<group>";
		};
		DAFF4A831E397B9600A2DD4B /* Session */ = {
			isa = PBXGroup;
			children = (
				DAFF4A841E397B9600A2DD4B /* MSession.swift */,
			);
			path = Session;
			sourceTree = "<group>";
		};
		DAFF4A851E397B9600A2DD4B /* Resource */ = {
			isa = PBXGroup;
			children = (
				DAFF4A861E397B9600A2DD4B /* Localizable.strings */,
			);
			path = Resource;
			sourceTree = "<group>";
		};
		DAFF4A881E397B9600A2DD4B /* View */ = {
			isa = PBXGroup;
			children = (
				DAF37AD41E3D509F005052D8 /* LinearEquations */,
				DA033CE81E3A934800F7645C /* Home */,
				DAFF4A891E397B9600A2DD4B /* Help */,
				DAFF4A8C1E397B9600A2DD4B /* Main */,
			);
			path = View;
			sourceTree = "<group>";
		};
		DAFF4A891E397B9600A2DD4B /* Help */ = {
			isa = PBXGroup;
			children = (
				DAFF4A8A1E397B9600A2DD4B /* VHelp.swift */,
				DAFF4A8B1E397B9600A2DD4B /* VHelpCell.swift */,
			);
			path = Help;
			sourceTree = "<group>";
		};
		DAFF4A8C1E397B9600A2DD4B /* Main */ = {
			isa = PBXGroup;
			children = (
				DAFF4A8D1E397B9600A2DD4B /* Parent */,
				DAFF4A8F1E397B9600A2DD4B /* Subclasses */,
			);
			path = Main;
			sourceTree = "<group>";
		};
		DAFF4A8D1E397B9600A2DD4B /* Parent */ = {
			isa = PBXGroup;
			children = (
				DAFF4A8E1E397B9600A2DD4B /* VParent.swift */,
				DA033CEB1E3A99EE00F7645C /* VParentBar.swift */,
				DA033CEF1E3AA30700F7645C /* VParentBarButton.swift */,
			);
			path = Parent;
			sourceTree = "<group>";
		};
		DAFF4A8F1E397B9600A2DD4B /* Subclasses */ = {
			isa = PBXGroup;
			children = (
				DAFF4A901E397B9600A2DD4B /* VAlert.swift */,
				DAFF4A911E397B9600A2DD4B /* VBlur.swift */,
				DAFF4A921E397B9600A2DD4B /* VBorder.swift */,
				DAFF4A931E397B9600A2DD4B /* VCollection.swift */,
				DAC216521E427D1C009EDBF7 /* VCollectionFlow.swift */,
				DAFF4A941E397B9600A2DD4B /* VSpinner.swift */,
				DAFF4A951E397B9600A2DD4B /* VView.swift */,
				DADA15811E44D71100766103 /* VToast.swift */,
			);
			path = Subclasses;
			sourceTree = "<group>";
		};
		DAFF4AD11E397D9A00A2DD4B /* Help */ = {
			isa = PBXGroup;
			children = (
				DAFF4AD21E397D9A00A2DD4B /* CHelp.swift */,
			);
			path = Help;
			sourceTree = "<group>";
		};
		DAFF4AD41E397DF700A2DD4B /* Home */ = {
			isa = PBXGroup;
			children = (
				DAFF4AD51E397E0100A2DD4B /* CHome.swift */,
			);
			path = Home;
			sourceTree = "<group>";
		};
/* End PBXGroup section */

/* Begin PBXNativeTarget section */
		DAFF4A331E3979B600A2DD4B /* GaussSquad */ = {
			isa = PBXNativeTarget;
			buildConfigurationList = DAFF4A461E3979B600A2DD4B /* Build configuration list for PBXNativeTarget "GaussSquad" */;
			buildPhases = (
				DAFF4A301E3979B600A2DD4B /* Sources */,
				DAFF4A311E3979B600A2DD4B /* Frameworks */,
				DAFF4A321E3979B600A2DD4B /* Resources */,
			);
			buildRules = (
			);
			dependencies = (
			);
			name = GaussSquad;
			productName = GaussSquad;
			productReference = DAFF4A341E3979B600A2DD4B /* GaussSquad.app */;
			productType = "com.apple.product-type.application";
		};
/* End PBXNativeTarget section */

/* Begin PBXProject section */
		DAFF4A2C1E3979B600A2DD4B /* Project object */ = {
			isa = PBXProject;
			attributes = {
				LastSwiftUpdateCheck = 0820;
				LastUpgradeCheck = 0820;
				ORGANIZATIONNAME = iturbide;
				TargetAttributes = {
					DAFF4A331E3979B600A2DD4B = {
						CreatedOnToolsVersion = 8.2.1;
						DevelopmentTeam = 7AMWG3RLHN;
						ProvisioningStyle = Automatic;
					};
				};
			};
			buildConfigurationList = DAFF4A2F1E3979B600A2DD4B /* Build configuration list for PBXProject "GaussSquad" */;
			compatibilityVersion = "Xcode 3.2";
			developmentRegion = English;
			hasScannedForEncodings = 0;
			knownRegions = (
				en,
			);
			mainGroup = DAFF4A2B1E3979B600A2DD4B;
			productRefGroup = DAFF4A351E3979B600A2DD4B /* Products */;
			projectDirPath = "";
			projectRoot = "";
			targets = (
				DAFF4A331E3979B600A2DD4B /* GaussSquad */,
			);
		};
/* End PBXProject section */

/* Begin PBXResourcesBuildPhase section */
		DAFF4A321E3979B600A2DD4B /* Resources */ = {
			isa = PBXResourcesBuildPhase;
			buildActionMask = 2147483647;
			files = (
				DAF37ADB1E3D6588005052D8 /* spinner.xcassets in Resources */,
				DAFF4AC01E397B9600A2DD4B /* Localizable.strings in Resources */,
				DA033CEE1E3AA2DC00F7645C /* generic.xcassets in Resources */,
				DAFF4A961E397B9600A2DD4B /* LaunchScreen.storyboard in Resources */,
				DAA4BD781E3A703900B0360D /* brand.xcassets in Resources */,
			);
			runOnlyForDeploymentPostprocessing = 0;
		};
/* End PBXResourcesBuildPhase section */

/* Begin PBXSourcesBuildPhase section */
		DAFF4A301E3979B600A2DD4B /* Sources */ = {
			isa = PBXSourcesBuildPhase;
			buildActionMask = 2147483647;
			files = (
				DA033CEC1E3A99EE00F7645C /* VParentBar.swift in Sources */,
				DAFF4AA01E397B9600A2DD4B /* ExtensionNotification.swift in Sources */,
				DAFF4A9B1E397B9600A2DD4B /* ExtensionFileManager.swift in Sources */,
				DA62D39F1E4D24CB000D0387 /* MLinearEquationsSolutionIndeterminatesItem.swift in Sources */,
				DAFF4AC31E397B9600A2DD4B /* VParent.swift in Sources */,
				DA62D37F1E4CEC08000D0387 /* VLinearEquationsSolutionBar.swift in Sources */,
				DAF37AD21E3D4FEF005052D8 /* CLinearEquations.swift in Sources */,
				DA62D35F1E4CD583000D0387 /* MLinearEquationsSolutionEquationItemConstantDecimal.swift in Sources */,
				DAC2165A1E42A136009EDBF7 /* VLinearEquationsPolynomialControl.swift in Sources */,
				DA89F19F1E4A4BCE0062DE48 /* VLinearEquationsPolynomialSign.swift in Sources */,
				DA62D3991E4D00A5000D0387 /* MLinearEquationsSolutionEquationItemEquals.swift in Sources */,
				DA033CEA1E3A935700F7645C /* VHome.swift in Sources */,
				DA62D3761E4CDC85000D0387 /* MLinearEquationsSolutionStrategyDelegate.swift in Sources */,
				DA133A6C1E411B070028D90F /* VLinearEquationsProjectCellEquals.swift in Sources */,
				DAFF4AC71E397B9600A2DD4B /* VCollection.swift in Sources */,
				DAFF4ABE1E397B9600A2DD4B /* MHelpItem.swift in Sources */,
				DAFF4AC21E397B9600A2DD4B /* VHelpCell.swift in Sources */,
				DAFDD5111E4442F400880556 /* VLinearEquationsIndeterminate.swift in Sources */,
				DA62D38B1E4CED40000D0387 /* VLinearEquationsSolutionHeaderError.swift in Sources */,
				DAFDD5061E43D95600880556 /* VLinearEquationsProjectBarIndeterminates.swift in Sources */,
				DAFF4A9A1E397B9600A2DD4B /* DManager.swift in Sources */,
				DAB84C311E4168100052F778 /* VLinearEquationsProjectCellPolynomialDecimal.swift in Sources */,
				DA62D36A1E4CD752000D0387 /* MLinearEquationsSolutionStepStart.swift in Sources */,
				DA36DAAB1E444BCE00C17436 /* VLinearEquationsIndeterminateText.swift in Sources */,
				DAFDD4FA1E43873C00880556 /* VLinearEquationsProjectCellNewRow.swift in Sources */,
				DAD518971E3FAF1D0004C8D8 /* CLinearEquationsProject.swift in Sources */,
				DAFDD5021E43D3E800880556 /* MLinearEquationsProjectBarItemCompress.swift in Sources */,
				DA316CE51E4571C2008E7270 /* VLinearEquationsPolynomialIndeterminate.swift in Sources */,
				DAFF4AA41E397B9600A2DD4B /* ExtensionUIColor.swift in Sources */,
				DA316CF11E459016008E7270 /* VLinearEquationsIndeterminateListCell.swift in Sources */,
				DA62D35B1E4CD51D000D0387 /* MLinearEquationsSolutionEquationItemConstant.swift in Sources */,
				DAF37AD91E3D51D7005052D8 /* VLinearEquations.swift in Sources */,
				DA12D47B1E41599A008327B5 /* MLinearEquationsProjectRowItemPolynomialDivision.swift in Sources */,
				DAA4BD761E3A700C00B0360D /* MHomeItemArithmetic.swift in Sources */,
				DA133A411E410F710028D90F /* MLinearEquationsProjectRowItemEquals.swift in Sources */,
				DAFF4ABD1E397B9600A2DD4B /* MHelp.swift in Sources */,
				DA62D35D1E4CD53F000D0387 /* MLinearEquationsSolutionEquationItemPolynomial.swift in Sources */,
				DAD518951E3F978D0004C8D8 /* DGaussSquad.xcdatamodeld in Sources */,
				DAC216531E427D1C009EDBF7 /* VCollectionFlow.swift in Sources */,
				DA62D38F1E4CF839000D0387 /* VLinearEquationsSolutionCellPolynomialDecimal.swift in Sources */,
				DAFF4ABF1E397B9600A2DD4B /* MSession.swift in Sources */,
				DA316CEF1E45900D008E7270 /* VLinearEquationsIndeterminateListHeader.swift in Sources */,
				DA62D38D1E4CEDF9000D0387 /* VLinearEquationsSolutionHeaderStart.swift in Sources */,
				DA62D3531E4CD39C000D0387 /* MLinearEquationsSolution.swift in Sources */,
				DAD518AD1E3FBCF90004C8D8 /* MLinearEquations.swift in Sources */,
				DAFDD4FC1E439D8400880556 /* MLinearEquationsProjectBarItemBack.swift in Sources */,
				DA12D4731E414A71008327B5 /* VLinearEquationsProjectCellIndex.swift in Sources */,
				DA133A451E410F710028D90F /* MLinearEquationsProjectRow.swift in Sources */,
				DAFF4AA51E397B9600A2DD4B /* ExtensionUIFont.swift in Sources */,
				DA62D3871E4CED2B000D0387 /* VLinearEquationsSolutionHeaderProcess.swift in Sources */,
				DAFF4AA11E397B9600A2DD4B /* ExtensionNSLayoutConstraint.swift in Sources */,
				DAC216551E42989A009EDBF7 /* CLinearEquationsPolynomial.swift in Sources */,
				DAA4BD721E3A4C4100B0360D /* MHomeItem.swift in Sources */,
				DAF37AE11E3D6BCE005052D8 /* VLinearEquationsCell.swift in Sources */,
				DAFF4AA21E397B9600A2DD4B /* ExtensionNSManagedObject.swift in Sources */,
				DA62D3701E4CD76F000D0387 /* MLinearEquationsSolutionStepError.swift in Sources */,
				DAFF4AC41E397B9600A2DD4B /* VAlert.swift in Sources */,
				DAFF4AC81E397B9600A2DD4B /* VSpinner.swift in Sources */,
				DAC2165E1E42DF43009EDBF7 /* MLinearEquationsProjectRowItemNewRow.swift in Sources */,
				DA62D3461E4CCA0A000D0387 /* CLinearEquationsSolution.swift in Sources */,
				DA133A5F1E4119E00028D90F /* VLinearEquationsProjectBar.swift in Sources */,
				DA133A391E410F710028D90F /* MLinearEquationsProjectBarItem.swift in Sources */,
				DA62D3931E4CF865000D0387 /* VLinearEquationsSolutionCellConstantDecimal.swift in Sources */,
				DAFF4AD31E397D9A00A2DD4B /* CHelp.swift in Sources */,
				DAFF4AD61E397E0100A2DD4B /* CHome.swift in Sources */,
				DAC2165C1E42A9BC009EDBF7 /* VLinearEquationsPolynomialText.swift in Sources */,
				DA62D37E1E4CEC08000D0387 /* VLinearEquationsSolution.swift in Sources */,
				DAFDD50E1E443FBF00880556 /* CLinearEquationsIndeterminate.swift in Sources */,
				DAFF4AC11E397B9600A2DD4B /* VHelp.swift in Sources */,
				DADA15821E44D71100766103 /* VToast.swift in Sources */,
				DA62D3831E4CECC1000D0387 /* VLinearEquationsSolutionHeader.swift in Sources */,
				DA62D36C1E4CD75C000D0387 /* MLinearEquationsSolutionStepProcess.swift in Sources */,
				DAD46DB41E46A13500AED3B9 /* MLinearEquationsIndeterminates.swift in Sources */,
				DA12D4751E414BC7008327B5 /* MLinearEquationsProjectRowItemIndex.swift in Sources */,
				DADDF86B1E4AA31100447C55 /* DEquationExtension.swift in Sources */,
				DA133A601E4119E00028D90F /* VLinearEquationsProjectBarCell.swift in Sources */,
				DA133A381E410F710028D90F /* MLinearEquationsProjectBar.swift in Sources */,
				DAA4BD741E3A5DBD00B0360D /* MHomeItemLinearEquations.swift in Sources */,
				DAFF4A971E397B9600A2DD4B /* CAppDelegate.swift in Sources */,
				DA62D3781E4CE60E000D0387 /* MLinearEquationsSolutionStrategyParse.swift in Sources */,
				DAFDD50A1E43DECC00880556 /* VLinearEquationsProjectBarIndeterminatesCell.swift in Sources */,
				DA89F1A31E4A957F0062DE48 /* DPolynomialExtension.swift in Sources */,
				DA62D3551E4CD3F1000D0387 /* MLinearEquationsSolutionEquation.swift in Sources */,
				DAFF4AA31E397B9600A2DD4B /* ExtensionUICollectionReusableView.swift in Sources */,
				DA62D39D1E4D1B93000D0387 /* VLinearEquationsSolutionFooter.swift in Sources */,
				DA62D3591E4CD508000D0387 /* MLinearEquationsSolutionIndeterminate.swift in Sources */,
				DAFF4AC51E397B9600A2DD4B /* VBlur.swift in Sources */,
				DA12D4791E415990008327B5 /* MLinearEquationsProjectRowItemPolynomialDecimal.swift in Sources */,
				DA62D3811E4CECAB000D0387 /* VLinearEquationsSolutionCell.swift in Sources */,
				DAB84C331E41681A0052F778 /* VLinearEquationsProjectCellPolynomialDivision.swift in Sources */,
				DA133A401E410F710028D90F /* MLinearEquationsProjectRowItem.swift in Sources */,
				DAFF4AA61E397B9600A2DD4B /* ExtensionURL.swift in Sources */,
				DA033CF01E3AA30700F7645C /* VParentBarButton.swift in Sources */,
				DAB84C351E416AB10052F778 /* MLinearEquationsProjectRowItemNewPolynomial.swift in Sources */,
				DA62D3571E4CD407000D0387 /* MLinearEquationsSolutionEquationItem.swift in Sources */,
				DA62D3651E4CD5A5000D0387 /* MLinearEquationsSolutionEquationItemPolynomialDivision.swift in Sources */,
				DAFDD4FE1E43D2EA00880556 /* MLinearEquationsProjectBarItemHelp.swift in Sources */,
				DA62D3A11E4D24D3000D0387 /* MLinearEquationsSolutionIndeterminates.swift in Sources */,
				DA89F19D1E4A47080062DE48 /* VLinearEquationsPolynomialShowAs.swift in Sources */,
				DA133A441E410F710028D90F /* MLinearEquationsProject.swift in Sources */,
				DA316CED1E458B16008E7270 /* VLinearEquationsIndeterminateList.swift in Sources */,
				DAC216511E424DEC009EDBF7 /* VLinearEquationsProjectFlow.swift in Sources */,
				DA316CE91E458373008E7270 /* CLinearEquationsPolynomialIndeterminate.swift in Sources */,
				DA62D3671E4CD6C3000D0387 /* MLinearEquationsSolutionStep.swift in Sources */,
				DA62D3911E4CF85B000D0387 /* VLinearEquationsSolutionCellPolynomialDivision.swift in Sources */,
				DAC2164D1E42304E009EDBF7 /* VLinearEquationsProjectCellNewPolynomial.swift in Sources */,
				DA133A641E4119E00028D90F /* VLinearEquationsProject.swift in Sources */,
				DA62D3891E4CED34000D0387 /* VLinearEquationsSolutionHeaderDone.swift in Sources */,
				DA62D3971E4CFDEF000D0387 /* VLinearEquationsSolutionFlow.swift in Sources */,
				DAD518CA1E4006420004C8D8 /* MLinearEquationsItem.swift in Sources */,
				DA62D3631E4CD599000D0387 /* MLinearEquationsSolutionEquationItemPolynomialDecimal.swift in Sources */,
				DAFF4A981E397B9600A2DD4B /* CController.swift in Sources */,
				DA89F1A11E4A549B0062DE48 /* VLinearEquationsPolynomialDivision.swift in Sources */,
				DA62D3721E4CD77D000D0387 /* MLinearEquationsSolutionStepDone.swift in Sources */,
				DA12D4771E4156EC008327B5 /* MLinearEquationsProjectRowItemPolynomial.swift in Sources */,
				DAFDD5041E43D40F00880556 /* MLinearEquationsProjectBarItemNext.swift in Sources */,
				DAC216581E429D9C009EDBF7 /* VLinearEquationsPolynomial.swift in Sources */,
				DAA4BD701E3A4BDE00B0360D /* MHome.swift in Sources */,
				DAFDD5001E43D3AA00880556 /* MLinearEquationsProjectBarItemTrash.swift in Sources */,
				DAFDD5131E44441100880556 /* VLinearEquationsIndeterminateControl.swift in Sources */,
				DA62D3951E4CF870000D0387 /* VLinearEquationsSolutionCellConstantDivision.swift in Sources */,
				DA62D3611E4CD58D000D0387 /* MLinearEquationsSolutionEquationItemConstantDivision.swift in Sources */,
				DA89F1A51E4A9FC00062DE48 /* DProjectExtension.swift in Sources */,
				DA62D3741E4CDB9B000D0387 /* MLinearEquationsSolutionStrategy.swift in Sources */,
				DA62D39B1E4D02B3000D0387 /* VLinearEquationsSolutionCellEquals.swift in Sources */,
				DAD46DB61E46A15C00AED3B9 /* MLinearEquationsIndeterminatesItem.swift in Sources */,
				DAF37AE51E3D6EA1005052D8 /* VLinearEquationsBar.swift in Sources */,
				DA133A631E4119E00028D90F /* VLinearEquationsProjectCell.swift in Sources */,
				DAFF4AC61E397B9600A2DD4B /* VBorder.swift in Sources */,
				DAFF4A991E397B9600A2DD4B /* CParent.swift in Sources */,
				DAFF4AC91E397B9600A2DD4B /* VView.swift in Sources */,
				DA033CF21E3AB68400F7645C /* VHomeCell.swift in Sources */,
			);
			runOnlyForDeploymentPostprocessing = 0;
		};
/* End PBXSourcesBuildPhase section */

/* Begin PBXVariantGroup section */
		DAFF4A861E397B9600A2DD4B /* Localizable.strings */ = {
			isa = PBXVariantGroup;
			children = (
				DAFF4A871E397B9600A2DD4B /* en */,
			);
			name = Localizable.strings;
			sourceTree = "<group>";
		};
/* End PBXVariantGroup section */

/* Begin XCBuildConfiguration section */
		DAFF4A441E3979B600A2DD4B /* Debug */ = {
			isa = XCBuildConfiguration;
			buildSettings = {
				ALWAYS_SEARCH_USER_PATHS = NO;
				CLANG_ANALYZER_NONNULL = YES;
				CLANG_CXX_LANGUAGE_STANDARD = "gnu++0x";
				CLANG_CXX_LIBRARY = "libc++";
				CLANG_ENABLE_MODULES = YES;
				CLANG_ENABLE_OBJC_ARC = YES;
				CLANG_WARN_BOOL_CONVERSION = YES;
				CLANG_WARN_CONSTANT_CONVERSION = YES;
				CLANG_WARN_DIRECT_OBJC_ISA_USAGE = YES_ERROR;
				CLANG_WARN_DOCUMENTATION_COMMENTS = YES;
				CLANG_WARN_EMPTY_BODY = YES;
				CLANG_WARN_ENUM_CONVERSION = YES;
				CLANG_WARN_INFINITE_RECURSION = YES;
				CLANG_WARN_INT_CONVERSION = YES;
				CLANG_WARN_OBJC_ROOT_CLASS = YES_ERROR;
				CLANG_WARN_SUSPICIOUS_MOVE = YES;
				CLANG_WARN_UNREACHABLE_CODE = YES;
				CLANG_WARN__DUPLICATE_METHOD_MATCH = YES;
				"CODE_SIGN_IDENTITY[sdk=iphoneos*]" = "iPhone Developer";
				COPY_PHASE_STRIP = NO;
				DEBUG_INFORMATION_FORMAT = dwarf;
				ENABLE_STRICT_OBJC_MSGSEND = YES;
				ENABLE_TESTABILITY = YES;
				GCC_C_LANGUAGE_STANDARD = gnu99;
				GCC_DYNAMIC_NO_PIC = NO;
				GCC_NO_COMMON_BLOCKS = YES;
				GCC_OPTIMIZATION_LEVEL = 0;
				GCC_PREPROCESSOR_DEFINITIONS = (
					"DEBUG=1",
					"$(inherited)",
				);
				GCC_WARN_64_TO_32_BIT_CONVERSION = YES;
				GCC_WARN_ABOUT_RETURN_TYPE = YES_ERROR;
				GCC_WARN_UNDECLARED_SELECTOR = YES;
				GCC_WARN_UNINITIALIZED_AUTOS = YES_AGGRESSIVE;
				GCC_WARN_UNUSED_FUNCTION = YES;
				GCC_WARN_UNUSED_VARIABLE = YES;
				IPHONEOS_DEPLOYMENT_TARGET = 9.0;
				MTL_ENABLE_DEBUG_INFO = YES;
				ONLY_ACTIVE_ARCH = YES;
				SDKROOT = iphoneos;
				SWIFT_ACTIVE_COMPILATION_CONDITIONS = DEBUG;
				SWIFT_OPTIMIZATION_LEVEL = "-Onone";
				TARGETED_DEVICE_FAMILY = "1,2";
			};
			name = Debug;
		};
		DAFF4A451E3979B600A2DD4B /* Release */ = {
			isa = XCBuildConfiguration;
			buildSettings = {
				ALWAYS_SEARCH_USER_PATHS = NO;
				CLANG_ANALYZER_NONNULL = YES;
				CLANG_CXX_LANGUAGE_STANDARD = "gnu++0x";
				CLANG_CXX_LIBRARY = "libc++";
				CLANG_ENABLE_MODULES = YES;
				CLANG_ENABLE_OBJC_ARC = YES;
				CLANG_WARN_BOOL_CONVERSION = YES;
				CLANG_WARN_CONSTANT_CONVERSION = YES;
				CLANG_WARN_DIRECT_OBJC_ISA_USAGE = YES_ERROR;
				CLANG_WARN_DOCUMENTATION_COMMENTS = YES;
				CLANG_WARN_EMPTY_BODY = YES;
				CLANG_WARN_ENUM_CONVERSION = YES;
				CLANG_WARN_INFINITE_RECURSION = YES;
				CLANG_WARN_INT_CONVERSION = YES;
				CLANG_WARN_OBJC_ROOT_CLASS = YES_ERROR;
				CLANG_WARN_SUSPICIOUS_MOVE = YES;
				CLANG_WARN_UNREACHABLE_CODE = YES;
				CLANG_WARN__DUPLICATE_METHOD_MATCH = YES;
				"CODE_SIGN_IDENTITY[sdk=iphoneos*]" = "iPhone Developer";
				COPY_PHASE_STRIP = NO;
				DEBUG_INFORMATION_FORMAT = "dwarf-with-dsym";
				ENABLE_NS_ASSERTIONS = NO;
				ENABLE_STRICT_OBJC_MSGSEND = YES;
				GCC_C_LANGUAGE_STANDARD = gnu99;
				GCC_NO_COMMON_BLOCKS = YES;
				GCC_WARN_64_TO_32_BIT_CONVERSION = YES;
				GCC_WARN_ABOUT_RETURN_TYPE = YES_ERROR;
				GCC_WARN_UNDECLARED_SELECTOR = YES;
				GCC_WARN_UNINITIALIZED_AUTOS = YES_AGGRESSIVE;
				GCC_WARN_UNUSED_FUNCTION = YES;
				GCC_WARN_UNUSED_VARIABLE = YES;
				IPHONEOS_DEPLOYMENT_TARGET = 9.0;
				MTL_ENABLE_DEBUG_INFO = NO;
				SDKROOT = iphoneos;
				SWIFT_OPTIMIZATION_LEVEL = "-Owholemodule";
				TARGETED_DEVICE_FAMILY = "1,2";
				VALIDATE_PRODUCT = YES;
			};
			name = Release;
		};
		DAFF4A471E3979B600A2DD4B /* Debug */ = {
			isa = XCBuildConfiguration;
			buildSettings = {
				ASSETCATALOG_COMPILER_APPICON_NAME = AppIcon;
				DEVELOPMENT_TEAM = 7AMWG3RLHN;
				INFOPLIST_FILE = GaussSquad/Info.plist;
				IPHONEOS_DEPLOYMENT_TARGET = 9.0;
				LD_RUNPATH_SEARCH_PATHS = "$(inherited) @executable_path/Frameworks";
				PRODUCT_BUNDLE_IDENTIFIER = iturbide.GaussSquad;
				PRODUCT_NAME = "$(TARGET_NAME)";
				SWIFT_VERSION = 3.0;
				TARGETED_DEVICE_FAMILY = "1,2";
			};
			name = Debug;
		};
		DAFF4A481E3979B600A2DD4B /* Release */ = {
			isa = XCBuildConfiguration;
			buildSettings = {
				ASSETCATALOG_COMPILER_APPICON_NAME = AppIcon;
				DEVELOPMENT_TEAM = 7AMWG3RLHN;
				INFOPLIST_FILE = GaussSquad/Info.plist;
				IPHONEOS_DEPLOYMENT_TARGET = 9.0;
				LD_RUNPATH_SEARCH_PATHS = "$(inherited) @executable_path/Frameworks";
				PRODUCT_BUNDLE_IDENTIFIER = iturbide.GaussSquad;
				PRODUCT_NAME = "$(TARGET_NAME)";
				SWIFT_VERSION = 3.0;
				TARGETED_DEVICE_FAMILY = "1,2";
			};
			name = Release;
		};
/* End XCBuildConfiguration section */

/* Begin XCConfigurationList section */
		DAFF4A2F1E3979B600A2DD4B /* Build configuration list for PBXProject "GaussSquad" */ = {
			isa = XCConfigurationList;
			buildConfigurations = (
				DAFF4A441E3979B600A2DD4B /* Debug */,
				DAFF4A451E3979B600A2DD4B /* Release */,
			);
			defaultConfigurationIsVisible = 0;
			defaultConfigurationName = Release;
		};
		DAFF4A461E3979B600A2DD4B /* Build configuration list for PBXNativeTarget "GaussSquad" */ = {
			isa = XCConfigurationList;
			buildConfigurations = (
				DAFF4A471E3979B600A2DD4B /* Debug */,
				DAFF4A481E3979B600A2DD4B /* Release */,
			);
			defaultConfigurationIsVisible = 0;
			defaultConfigurationName = Release;
		};
/* End XCConfigurationList section */

/* Begin XCVersionGroup section */
		DAD518931E3F978D0004C8D8 /* DGaussSquad.xcdatamodeld */ = {
			isa = XCVersionGroup;
			children = (
				DAD518941E3F978D0004C8D8 /* DGaussSquad.xcdatamodel */,
			);
			currentVersion = DAD518941E3F978D0004C8D8 /* DGaussSquad.xcdatamodel */;
			path = DGaussSquad.xcdatamodeld;
			sourceTree = "<group>";
			versionGroupType = wrapper.xcdatamodel;
		};
/* End XCVersionGroup section */
	};
	rootObject = DAFF4A2C1E3979B600A2DD4B /* Project object */;
}
